{
  "version": 4,
  "terraform_version": "1.6.6",
  "serial": 114,
  "lineage": "5271320d-e55b-6066-2ebc-fe48d5bc0928",
  "outputs": {
    "key_data": {
      "value": "ssh-rsa AAAAB3NzaC1yc2EAAAADAQABAAABgQD0WjkBZviLgtelmoQTFvaAoao34cBufIDmOuGIAVUEKkV7Vlkk/+A2u1Q9tH5mH9/6252caM1PRNFeGO3ZMpDyMR+DSEkmufQKLDS68OwcMwM2uFBY1eBk5TbBO35e4Z21G87uRxoA3WXXBat2yzVH7dw17xTR3ZiZctVKhIHUJ3DxoQSaU9MhJDYnLT2E4MyOl8W2cM/Pfxw75C3eR9DlYmfWrfvE23ttmH8jqowHgGBQt23NWED7W/CAnM1V6IRbeVG9Actcj422DC5xO/0wnx3P7Pr8gM29I4XmVnvUbph6nxF7tHNCOqF399v160RnUuzwU0awgbaB6XxZ7ylawbotNbRiacRbACKSaQX1ij7spE96MKI7crc/c0ETKyONhgD2FPEt0O+J9CJLRaOi0+3WUFxe3NJMg7awsFITXLC23VsREDyGKl8T9mrvPUlNQ9HtjzbZ223qAV6aIrw5Sf15AaRMg8iAqFtV1voKsFn1JVo9qXSBOPJcnPrwlTE= generated-by-azure",
      "type": "string"
    },
    "vmlinux-url": {
      "value": "http://20.101.70.223/index.html",
      "type": "string"
    }
  },
  "resources": [
    {
      "mode": "managed",
      "type": "azapi_resource",
      "name": "ssh_public_key",
      "provider": "provider[\"registry.terraform.io/azure/azapi\"]",
      "instances": [
        {
          "schema_version": 0,
          "attributes": {
            "body": "{}",
            "id": "/subscriptions/dfc1c669-4460-40a1-8d6a-3469f2b10f23/resourceGroups/TST-WEUR-TFLAB1/providers/Microsoft.Compute/sshPublicKeys/sshfundane",
            "identity": [],
            "ignore_body_changes": null,
            "ignore_casing": false,
            "ignore_missing_property": true,
            "location": "westeurope",
            "locks": null,
            "name": "sshfundane",
            "output": "{}",
            "parent_id": "/subscriptions/dfc1c669-4460-40a1-8d6a-3469f2b10f23/resourceGroups/TST-WEUR-TFLAB1",
            "removing_special_chars": false,
            "response_export_values": null,
            "schema_validation_enabled": true,
            "tags": {
              "BillingCode": "201219DN",
              "Company": "DordoLabs",
              "Environment": "TST",
              "Project": "DordoLabs-Lab-01"
            },
            "timeouts": null,
            "type": "Microsoft.Compute/sshPublicKeys@2022-11-01"
          },
          "sensitive_attributes": [],
          "private": "eyJlMmJmYjczMC1lY2FhLTExZTYtOGY4OC0zNDM2M2JjN2M0YzAiOnsiY3JlYXRlIjoxODAwMDAwMDAwMDAwLCJkZWxldGUiOjE4MDAwMDAwMDAwMDAsInJlYWQiOjMwMDAwMDAwMDAwMCwidXBkYXRlIjoxODAwMDAwMDAwMDAwfX0=",
          "dependencies": [
            "azurerm_resource_group.rg-01",
            "random_pet.ssh_key_name"
          ]
        }
      ]
    },
    {
      "mode": "managed",
      "type": "azapi_resource_action",
      "name": "ssh_public_key_gen",
      "provider": "provider[\"registry.terraform.io/azure/azapi\"]",
      "instances": [
        {
          "schema_version": 0,
          "attributes": {
            "action": "generateKeyPair",
            "body": null,
            "id": "/subscriptions/dfc1c669-4460-40a1-8d6a-3469f2b10f23/resourceGroups/TST-WEUR-TFLAB1/providers/Microsoft.Compute/sshPublicKeys/sshfundane/generateKeyPair",
            "locks": null,
            "method": "POST",
            "output": "{\"privateKey\":\"-----BEGIN RSA PRIVATE KEY-----\\r\\nMIIG5AIBAAKCAYEA9Fo5AWb4i4LXpZqEExb2gKGqN+HAbnyA5jrhiAFVBCpFe1ZZ\\r\\nJP/gNrtUPbR+Zh/f+tudnGjNT0TRXhjt2TKQ8jEfg0hJJrn0Ciw0uvDsHDMDNrhQ\\r\\nWNXgZOU2wTt+XuGdtRvO7kcaAN1l1wWrdss1R+3cNe8U0d2YmXLVSoSB1Cdw8aEE\\r\\nmlPTISQ2Jy09hODMjpfFtnDPz38cO+Qt3kfQ5WJn1q37xNt7bZh/I6qMB4BgULdt\\r\\nzVhA+1vwgJzNVeiEW3lRvQHLXI+NtgwucTv9MJ8dz+z6/IDNvSOF5lZ71G6Yep8R\\r\\ne7RzQjqhd/fb9etEZ1Ls8FNGsIG2gel8We8pWsG6LTW0YmnEWwAikmkF9Yo+7KRP\\r\\nejCiO3K3P3NBEysjjYYA9hTxLdDvifQiS0WjotPt1lBcXtzSTIO2sLBSE1ywtt1b\\r\\nERA8hipfE/Zq7z1JTUPR7Y822dtt6gFemiK8OUn9eQGkTIPIgKhbVdb6CrBZ9SVa\\r\\nPal0gTjyXJz68JUxAgMBAAECggGAQfuPAyrsGLgnRUe5PHJp9Agzr81dKjiikgj6\\r\\nV8CMVYiYpJqHje8ue3kQYW046JjY4aOmJtNCBZK+upsetxTpgQz0xn2hizyRgqG3\\r\\nR3fBOkgoKQGSaLqwUm52360SDcr8zCgLM9qtUeh3FJ4qU/TBmX/IhCPgSl99Uopo\\r\\nwCuR51kTLZxeYtIZ5AwkN2YHA7e0ZRjkwcQqyYw4co/GNwzLgvWUtqranqjp5olU\\r\\nY6wtDeWDnKg7lUSsn3OPORuecwFLHVXy7LGjo2mFGAZCVnm+atkjZgSIp/YBSBYb\\r\\nxxzv7RHKEuh3DwGVhJTmUqSvGicpAjA6ADu27LhUkUoo4jNMaSdilES5ssa3dNZv\\r\\nSRo9Oz0oE/SoTJLvMHat8AQuLi8ptt7wyirXItA4Ox564cywLoU/rc3NsPhKYcRT\\r\\nImhz6gOPwRqnP2csthoUuZA8LXO7I7oR37YRd4u4vjVd/T3fPV8UiMgQsmsxXbtK\\r\\nxf1frzjARfo8J3y6ToVcIVHRrxulAoHBAP1qdmbwfl4/d6QBU1CXHH+FqwpapCjf\\r\\n6u+ej6zd9oZixC76ueRsmjCKSsv2X9WiRBhbLb0k8R8BAM4gyJKeQj+ylwL6DqOW\\r\\nN0crOhjD4hL8BG0stqPShQskL6Fj1lkeI/hBkmz6K6ip0DzSJLZ4kcAtd6Fyvc5e\\r\\nfnx56Cfntd8VqqEjow9sbRkQAz5sqPvkxj/QgsA1l5f4bprBEP6s46o+sl2G0XFb\\r\\n/xB2syDEuaEKYz5XfJxENCZ2pxMLDOk31wKBwQD22Bmo4+NVwYEyH04l+xDpdt1L\\r\\njd+81dsexIpogMP/ziGA4exZhGTVpmbot+bBXykNqoL48jKrtgMG79vFZ2cQIEES\\r\\nFdWiWhCE/6cNqlBnUQFFFlrOE0z6Syr7uV807qLi3dEafZFvHcqOYJzYSjaRQoPg\\r\\nOEEl5VF7myjriFz7cv0McnDoEqUf2DHq55JVe4oTheOZQ+gN87crhOz7Wwxmgar1\\r\\nkiZjfxrpC61eFFqWSIIJlYx7UsvM8RiEbovsWjcCgcEAsBicAHpcBdgqpj/5ikYH\\r\\nmqHjMkW8T18SXcKcam6vkcDuPQsjxBSnrNVclpE1FTo2AYrSpN4X5AiJa7OiTShG\\r\\nNwc+IuZq58hJz129eFoeLj0MQmVQ4VQ3+X8Czi6XU8Q7EJdYTfwl/IVMXAdXValA\\r\\n9v9hY0JdnRtS3+LCrYA5hLUEpgcil2QsB7910ZombywRi2S0hyZ2mjcbfNRun9q6\\r\\nNaJtxcoanqBkBSfG4B10NPEH99lJkTlf196ZyQTjyuhvAoHASN+7k5TTxLl//uAn\\r\\nHidk8sfYxTl5WDJ6oja79eYt9xNP6NDKChOAAWNC9ml0gpopcJNqXzyBoRf3BNFD\\r\\nPKAuWSBslX5Et82HGvyuwOYLHrVXfqH+5N/l1e7jHbW4WdQp2nhKB1wS148gAbCc\\r\\nHW6rdW8Bp+xzr1BoIenIxuBXMxTbiBUxKBJ5FVGqSwNavEnglartao4VsCjHZt2z\\r\\naPGUU57sbdtb4fvgYfTElgXESKHXYiT4eGAVMsfqyQ4p2Pk5AoHBAMh+KrUp/Djt\\r\\nv9AiiMph3juxqazaKr5MDgRds2riU0G+GgHkN46UetdhX7aNfwaw3lk6ASuvnYFV\\r\\necgbXxF21IKXxwF/fgTl+GAUuZkW+TGSBPj4ie46PPJjITP46HGuxsCw0UjEiFLf\\r\\nCoyHpgOmxgTWIJNbFBtJo4i3Dx6SSqNGLn27ThHXAPXTdI0mZH/XKdNFFgI8CTuA\\r\\neCsh+c54DKoNVlBoa0wjoxYcZV1wVqYvWbubqBoDY7ePN5w2TsXCwg==\\r\\n-----END RSA PRIVATE KEY-----\\r\\n\",\"publicKey\":\"ssh-rsa AAAAB3NzaC1yc2EAAAADAQABAAABgQD0WjkBZviLgtelmoQTFvaAoao34cBufIDmOuGIAVUEKkV7Vlkk/+A2u1Q9tH5mH9/6252caM1PRNFeGO3ZMpDyMR+DSEkmufQKLDS68OwcMwM2uFBY1eBk5TbBO35e4Z21G87uRxoA3WXXBat2yzVH7dw17xTR3ZiZctVKhIHUJ3DxoQSaU9MhJDYnLT2E4MyOl8W2cM/Pfxw75C3eR9DlYmfWrfvE23ttmH8jqowHgGBQt23NWED7W/CAnM1V6IRbeVG9Actcj422DC5xO/0wnx3P7Pr8gM29I4XmVnvUbph6nxF7tHNCOqF399v160RnUuzwU0awgbaB6XxZ7ylawbotNbRiacRbACKSaQX1ij7spE96MKI7crc/c0ETKyONhgD2FPEt0O+J9CJLRaOi0+3WUFxe3NJMg7awsFITXLC23VsREDyGKl8T9mrvPUlNQ9HtjzbZ223qAV6aIrw5Sf15AaRMg8iAqFtV1voKsFn1JVo9qXSBOPJcnPrwlTE= generated-by-azure\"}",
            "resource_id": "/subscriptions/dfc1c669-4460-40a1-8d6a-3469f2b10f23/resourceGroups/TST-WEUR-TFLAB1/providers/Microsoft.Compute/sshPublicKeys/sshfundane",
            "response_export_values": [
              "publicKey",
              "privateKey"
            ],
            "timeouts": null,
            "type": "Microsoft.Compute/sshPublicKeys@2022-11-01",
            "when": "apply"
          },
          "sensitive_attributes": [],
          "private": "eyJlMmJmYjczMC1lY2FhLTExZTYtOGY4OC0zNDM2M2JjN2M0YzAiOnsiY3JlYXRlIjoxODAwMDAwMDAwMDAwLCJkZWxldGUiOjE4MDAwMDAwMDAwMDAsInJlYWQiOjMwMDAwMDAwMDAwMCwidXBkYXRlIjoxODAwMDAwMDAwMDAwfX0=",
          "dependencies": [
            "azapi_resource.ssh_public_key",
            "azurerm_resource_group.rg-01",
            "random_pet.ssh_key_name"
          ]
        }
      ]
    },
    {
      "mode": "managed",
      "type": "azurerm_linux_virtual_machine",
      "name": "lab01-vmLinux",
      "provider": "provider[\"registry.terraform.io/hashicorp/azurerm\"]",
      "instances": [
        {
          "schema_version": 0,
          "attributes": {
            "additional_capabilities": [],
            "admin_password": null,
            "admin_ssh_key": [
              {
                "public_key": "ssh-rsa AAAAB3NzaC1yc2EAAAADAQABAAABgQD0WjkBZviLgtelmoQTFvaAoao34cBufIDmOuGIAVUEKkV7Vlkk/+A2u1Q9tH5mH9/6252caM1PRNFeGO3ZMpDyMR+DSEkmufQKLDS68OwcMwM2uFBY1eBk5TbBO35e4Z21G87uRxoA3WXXBat2yzVH7dw17xTR3ZiZctVKhIHUJ3DxoQSaU9MhJDYnLT2E4MyOl8W2cM/Pfxw75C3eR9DlYmfWrfvE23ttmH8jqowHgGBQt23NWED7W/CAnM1V6IRbeVG9Actcj422DC5xO/0wnx3P7Pr8gM29I4XmVnvUbph6nxF7tHNCOqF399v160RnUuzwU0awgbaB6XxZ7ylawbotNbRiacRbACKSaQX1ij7spE96MKI7crc/c0ETKyONhgD2FPEt0O+J9CJLRaOi0+3WUFxe3NJMg7awsFITXLC23VsREDyGKl8T9mrvPUlNQ9HtjzbZ223qAV6aIrw5Sf15AaRMg8iAqFtV1voKsFn1JVo9qXSBOPJcnPrwlTE= generated-by-azure",
                "username": "dordolnx01"
              }
            ],
            "admin_username": "dordolnx01",
            "allow_extension_operations": true,
            "availability_set_id": "",
            "boot_diagnostics": [
              {
                "storage_account_uri": "https://tstweurstgboot.blob.core.windows.net/"
              }
            ],
            "computer_name": "TSTWEURLNX01",
            "custom_data": "IyEvYmluL2Jhc2gKCnN1ZG8gYXB0LWdldCAteSB1cGRhdGUKc3VkbyBhcHQtZ2V0IC15IGluc3RhbGwgbmdpbngKZWNobyAnSGVsbG8gV29ybGQgLSBZb3UgZ290IGl0LCB5b3UganVzdCBmaW5pc2ggeW91ciBUZXJyYWZvcm0gbGFiMDEnIHwgc3VkbyB0ZWUgL3Zhci93d3cvaHRtbC9pbmRleC5odG1sCnN1ZG8gc2VydmljZSBuZ2lueCBzdGFydA==",
            "dedicated_host_group_id": "",
            "dedicated_host_id": "",
            "disable_password_authentication": true,
            "edge_zone": "",
            "encryption_at_host_enabled": false,
            "eviction_policy": "",
            "extensions_time_budget": "PT1H30M",
            "id": "/subscriptions/dfc1c669-4460-40a1-8d6a-3469f2b10f23/resourceGroups/TST-WEUR-TFLAB1/providers/Microsoft.Compute/virtualMachines/TST-WEUR-VMLinux01",
            "identity": [],
            "license_type": "",
            "location": "westeurope",
            "max_bid_price": -1,
            "name": "TST-WEUR-VMLinux01",
            "network_interface_ids": [
              "/subscriptions/dfc1c669-4460-40a1-8d6a-3469f2b10f23/resourceGroups/TST-WEUR-TFLAB1/providers/Microsoft.Network/networkInterfaces/TST-WEUR-NIC01"
            ],
            "os_disk": [
              {
                "caching": "ReadWrite",
                "diff_disk_settings": [],
                "disk_encryption_set_id": "",
                "disk_size_gb": 30,
                "name": "DiskVm-linux01",
                "storage_account_type": "Premium_LRS",
                "write_accelerator_enabled": false
              }
            ],
            "patch_mode": "ImageDefault",
            "plan": [],
            "platform_fault_domain": -1,
            "priority": "Regular",
            "private_ip_address": "10.0.0.4",
            "private_ip_addresses": [
              "10.0.0.4"
            ],
            "provision_vm_agent": true,
            "proximity_placement_group_id": "",
            "public_ip_address": "20.101.70.223",
            "public_ip_addresses": [
              "20.101.70.223"
            ],
            "resource_group_name": "TST-WEUR-TFLAB1",
            "secret": [],
            "secure_boot_enabled": false,
            "size": "Standard_B2ts_v2",
            "source_image_id": "",
            "source_image_reference": [
              {
                "offer": "0001-com-ubuntu-server-jammy",
                "publisher": "Canonical",
                "sku": "22_04-lts-gen2",
                "version": "latest"
              }
            ],
            "tags": {
              "BillingCode": "201219DN",
              "Company": "DordoLabs",
              "Environment": "TST",
              "Project": "DordoLabs-Lab-01"
            },
            "termination_notification": null,
            "timeouts": null,
            "user_data": "",
            "virtual_machine_id": "2fd559f0-f316-4586-b849-da96b260b323",
            "virtual_machine_scale_set_id": "",
            "vtpm_enabled": false,
            "zone": ""
          },
          "sensitive_attributes": [],
          "private": "eyJlMmJmYjczMC1lY2FhLTExZTYtOGY4OC0zNDM2M2JjN2M0YzAiOnsiY3JlYXRlIjoyNzAwMDAwMDAwMDAwLCJkZWxldGUiOjI3MDAwMDAwMDAwMDAsInJlYWQiOjMwMDAwMDAwMDAwMCwidXBkYXRlIjoyNzAwMDAwMDAwMDAwfX0=",
          "dependencies": [
            "azapi_resource.ssh_public_key",
            "azapi_resource_action.ssh_public_key_gen",
            "azurerm_network_interface.lab01-nic",
            "azurerm_public_ip.lab01-PubIP",
            "azurerm_resource_group.rg-01",
            "azurerm_storage_account.stg-bootDiagnostics-vmLinux",
            "azurerm_subnet.lab01-subnet",
            "azurerm_virtual_network.lab01-vnet",
            "random_pet.ssh_key_name"
          ]
        }
      ]
    },
    {
      "mode": "managed",
      "type": "azurerm_network_interface",
      "name": "lab01-nic",
      "provider": "provider[\"registry.terraform.io/hashicorp/azurerm\"]",
      "instances": [
        {
          "schema_version": 0,
          "attributes": {
            "applied_dns_servers": [],
            "dns_servers": [],
            "edge_zone": "",
            "enable_accelerated_networking": false,
            "enable_ip_forwarding": false,
            "id": "/subscriptions/dfc1c669-4460-40a1-8d6a-3469f2b10f23/resourceGroups/TST-WEUR-TFLAB1/providers/Microsoft.Network/networkInterfaces/TST-WEUR-NIC01",
            "internal_dns_name_label": "",
            "internal_domain_name_suffix": "2pdwkfwo2kourafhdyruansfzc.ax.internal.cloudapp.net",
            "ip_configuration": [
              {
                "gateway_load_balancer_frontend_ip_configuration_id": "",
                "name": "nic-config",
                "primary": true,
                "private_ip_address": "10.0.0.4",
                "private_ip_address_allocation": "Dynamic",
                "private_ip_address_version": "IPv4",
                "public_ip_address_id": "/subscriptions/dfc1c669-4460-40a1-8d6a-3469f2b10f23/resourceGroups/TST-WEUR-TFLAB1/providers/Microsoft.Network/publicIPAddresses/TST-WEUR-PUBIP01",
                "subnet_id": "/subscriptions/dfc1c669-4460-40a1-8d6a-3469f2b10f23/resourceGroups/TST-WEUR-TFLAB1/providers/Microsoft.Network/virtualNetworks/TST-WEUR-VNET01/subnets/TST-WEUR-SUBNET01"
              }
            ],
            "location": "westeurope",
            "mac_address": "",
            "name": "TST-WEUR-NIC01",
            "private_ip_address": "10.0.0.4",
            "private_ip_addresses": [
              "10.0.0.4"
            ],
            "resource_group_name": "TST-WEUR-TFLAB1",
            "tags": {
              "BillingCode": "201219DN",
              "Company": "DordoLabs",
              "Environment": "TST",
              "Project": "DordoLabs-Lab-01"
            },
            "timeouts": null,
            "virtual_machine_id": ""
          },
          "sensitive_attributes": [],
          "private": "eyJlMmJmYjczMC1lY2FhLTExZTYtOGY4OC0zNDM2M2JjN2M0YzAiOnsiY3JlYXRlIjoxODAwMDAwMDAwMDAwLCJkZWxldGUiOjE4MDAwMDAwMDAwMDAsInJlYWQiOjMwMDAwMDAwMDAwMCwidXBkYXRlIjoxODAwMDAwMDAwMDAwfX0=",
          "dependencies": [
            "azurerm_public_ip.lab01-PubIP",
            "azurerm_resource_group.rg-01",
            "azurerm_subnet.lab01-subnet",
            "azurerm_virtual_network.lab01-vnet"
          ]
        }
      ]
    },
    {
      "mode": "managed",
      "type": "azurerm_network_interface_security_group_association",
      "name": "lab01-nsgnic-assoc",
      "provider": "provider[\"registry.terraform.io/hashicorp/azurerm\"]",
      "instances": [
        {
          "schema_version": 0,
          "attributes": {
            "id": "/subscriptions/dfc1c669-4460-40a1-8d6a-3469f2b10f23/resourceGroups/TST-WEUR-TFLAB1/providers/Microsoft.Network/networkInterfaces/TST-WEUR-NIC01|/subscriptions/dfc1c669-4460-40a1-8d6a-3469f2b10f23/resourceGroups/TST-WEUR-TFLAB1/providers/Microsoft.Network/networkSecurityGroups/lab01NetworkSecurityGroup",
            "network_interface_id": "/subscriptions/dfc1c669-4460-40a1-8d6a-3469f2b10f23/resourceGroups/TST-WEUR-TFLAB1/providers/Microsoft.Network/networkInterfaces/TST-WEUR-NIC01",
            "network_security_group_id": "/subscriptions/dfc1c669-4460-40a1-8d6a-3469f2b10f23/resourceGroups/TST-WEUR-TFLAB1/providers/Microsoft.Network/networkSecurityGroups/lab01NetworkSecurityGroup",
            "timeouts": null
          },
          "sensitive_attributes": [],
          "private": "eyJlMmJmYjczMC1lY2FhLTExZTYtOGY4OC0zNDM2M2JjN2M0YzAiOnsiY3JlYXRlIjoxODAwMDAwMDAwMDAwLCJkZWxldGUiOjE4MDAwMDAwMDAwMDAsInJlYWQiOjMwMDAwMDAwMDAwMCwidXBkYXRlIjoxODAwMDAwMDAwMDAwfX0=",
          "dependencies": [
            "azurerm_network_interface.lab01-nic",
            "azurerm_network_security_group.lab01-nsg-nic",
            "azurerm_public_ip.lab01-PubIP",
            "azurerm_resource_group.rg-01",
            "azurerm_subnet.lab01-subnet",
            "azurerm_virtual_network.lab01-vnet"
          ]
        }
      ]
    },
    {
      "mode": "managed",
      "type": "azurerm_network_security_group",
      "name": "lab01-nsg-nic",
      "provider": "provider[\"registry.terraform.io/hashicorp/azurerm\"]",
      "instances": [
        {
          "schema_version": 0,
          "attributes": {
            "id": "/subscriptions/dfc1c669-4460-40a1-8d6a-3469f2b10f23/resourceGroups/TST-WEUR-TFLAB1/providers/Microsoft.Network/networkSecurityGroups/lab01NetworkSecurityGroup",
            "location": "westeurope",
            "name": "lab01NetworkSecurityGroup",
            "resource_group_name": "TST-WEUR-TFLAB1",
            "security_rule": [],
            "tags": {
              "BillingCode": "201219DN",
              "Company": "DordoLabs",
              "Environment": "TST",
              "Project": "DordoLabs-Lab-01"
            },
            "timeouts": null
          },
          "sensitive_attributes": [],
          "private": "eyJlMmJmYjczMC1lY2FhLTExZTYtOGY4OC0zNDM2M2JjN2M0YzAiOnsiY3JlYXRlIjoxODAwMDAwMDAwMDAwLCJkZWxldGUiOjE4MDAwMDAwMDAwMDAsInJlYWQiOjMwMDAwMDAwMDAwMCwidXBkYXRlIjoxODAwMDAwMDAwMDAwfX0=",
          "dependencies": [
            "azurerm_resource_group.rg-01"
          ]
        }
      ]
    },
    {
      "mode": "managed",
      "type": "azurerm_network_security_rule",
      "name": "lab01-nsg-rule",
      "provider": "provider[\"registry.terraform.io/hashicorp/azurerm\"]",
      "instances": [
        {
          "schema_version": 0,
          "attributes": {
            "access": "Allow",
            "description": "",
            "destination_address_prefix": "*",
            "destination_address_prefixes": null,
            "destination_application_security_group_ids": null,
            "destination_port_range": "22",
            "destination_port_ranges": null,
            "direction": "Inbound",
            "id": "/subscriptions/dfc1c669-4460-40a1-8d6a-3469f2b10f23/resourceGroups/TST-WEUR-TFLAB1/providers/Microsoft.Network/networkSecurityGroups/lab01NetworkSecurityGroup/securityRules/SSH",
            "name": "SSH",
            "network_security_group_name": "lab01NetworkSecurityGroup",
            "priority": 1001,
            "protocol": "Tcp",
            "resource_group_name": "TST-WEUR-TFLAB1",
            "source_address_prefix": "*",
            "source_address_prefixes": null,
            "source_application_security_group_ids": null,
            "source_port_range": "*",
            "source_port_ranges": null,
            "timeouts": null
          },
          "sensitive_attributes": [],
          "private": "eyJlMmJmYjczMC1lY2FhLTExZTYtOGY4OC0zNDM2M2JjN2M0YzAiOnsiY3JlYXRlIjoxODAwMDAwMDAwMDAwLCJkZWxldGUiOjE4MDAwMDAwMDAwMDAsInJlYWQiOjMwMDAwMDAwMDAwMCwidXBkYXRlIjoxODAwMDAwMDAwMDAwfX0=",
          "dependencies": [
            "azurerm_network_security_group.lab01-nsg-nic",
            "azurerm_resource_group.rg-01"
          ]
        }
      ]
    },
    {
      "mode": "managed",
      "type": "azurerm_public_ip",
      "name": "lab01-PubIP",
      "provider": "provider[\"registry.terraform.io/hashicorp/azurerm\"]",
      "instances": [
        {
          "schema_version": 0,
          "attributes": {
            "allocation_method": "Dynamic",
            "domain_name_label": null,
            "edge_zone": "",
            "fqdn": null,
            "id": "/subscriptions/dfc1c669-4460-40a1-8d6a-3469f2b10f23/resourceGroups/TST-WEUR-TFLAB1/providers/Microsoft.Network/publicIPAddresses/TST-WEUR-PUBIP01",
            "idle_timeout_in_minutes": 4,
            "ip_address": "",
            "ip_tags": null,
            "ip_version": "IPv4",
            "location": "westeurope",
            "name": "TST-WEUR-PUBIP01",
            "public_ip_prefix_id": null,
            "resource_group_name": "TST-WEUR-TFLAB1",
            "reverse_fqdn": null,
            "sku": "Basic",
            "sku_tier": "Regional",
            "tags": {
              "BillingCode": "201219DN",
              "Company": "DordoLabs",
              "Environment": "TST",
              "Project": "DordoLabs-Lab-01"
            },
            "timeouts": null,
            "zones": null
          },
          "sensitive_attributes": [],
          "private": "eyJlMmJmYjczMC1lY2FhLTExZTYtOGY4OC0zNDM2M2JjN2M0YzAiOnsiY3JlYXRlIjoxODAwMDAwMDAwMDAwLCJkZWxldGUiOjE4MDAwMDAwMDAwMDAsInJlYWQiOjMwMDAwMDAwMDAwMCwidXBkYXRlIjoxODAwMDAwMDAwMDAwfX0=",
          "dependencies": [
            "azurerm_resource_group.rg-01"
          ]
        }
      ]
    },
    {
      "mode": "managed",
      "type": "azurerm_resource_group",
      "name": "rg-01",
      "provider": "provider[\"registry.terraform.io/hashicorp/azurerm\"]",
      "instances": [
        {
          "schema_version": 0,
          "attributes": {
            "id": "/subscriptions/dfc1c669-4460-40a1-8d6a-3469f2b10f23/resourceGroups/TST-WEUR-TFLAB1",
            "location": "westeurope",
            "name": "TST-WEUR-TFLAB1",
            "tags": {
              "BillingCode": "201219DN",
              "Company": "DordoLabs",
              "Environment": "TST",
              "Project": "DordoLabs-Lab-01"
            },
            "timeouts": null
          },
          "sensitive_attributes": [],
          "private": "eyJlMmJmYjczMC1lY2FhLTExZTYtOGY4OC0zNDM2M2JjN2M0YzAiOnsiY3JlYXRlIjo1NDAwMDAwMDAwMDAwLCJkZWxldGUiOjU0MDAwMDAwMDAwMDAsInJlYWQiOjMwMDAwMDAwMDAwMCwidXBkYXRlIjo1NDAwMDAwMDAwMDAwfX0="
        }
      ]
    },
    {
      "mode": "managed",
      "type": "azurerm_storage_account",
      "name": "stg-bootDiagnostics-vmLinux",
      "provider": "provider[\"registry.terraform.io/hashicorp/azurerm\"]",
      "instances": [
        {
          "schema_version": 3,
          "attributes": {
            "access_tier": "Hot",
            "account_kind": "StorageV2",
            "account_replication_type": "LRS",
            "account_tier": "Standard",
            "allow_nested_items_to_be_public": true,
            "azure_files_authentication": [],
            "blob_properties": [
              {
                "change_feed_enabled": false,
                "container_delete_retention_policy": [],
                "cors_rule": [],
                "default_service_version": "",
                "delete_retention_policy": [],
                "last_access_time_enabled": false,
                "versioning_enabled": false
              }
            ],
            "custom_domain": [],
            "customer_managed_key": [],
            "edge_zone": "",
            "enable_https_traffic_only": true,
            "id": "/subscriptions/dfc1c669-4460-40a1-8d6a-3469f2b10f23/resourceGroups/TST-WEUR-TFLAB1/providers/Microsoft.Storage/storageAccounts/tstweurstgboot",
            "identity": [],
            "infrastructure_encryption_enabled": false,
            "is_hns_enabled": false,
            "large_file_share_enabled": null,
            "location": "westeurope",
            "min_tls_version": "TLS1_2",
            "name": "tstweurstgboot",
            "network_rules": [
              {
                "bypass": [
                  "AzureServices"
                ],
                "default_action": "Allow",
                "ip_rules": [],
                "private_link_access": [],
                "virtual_network_subnet_ids": []
              }
            ],
            "nfsv3_enabled": false,
            "primary_access_key": "q3zuk5F/eVBBxDr0hREkRgYgbZLu73bC5ZJw/U1rKnm4K/MDwa1C65Jqd64pHniFH5JTdBfLKqFO+ASt2bYMdg==",
            "primary_blob_connection_string": "DefaultEndpointsProtocol=https;BlobEndpoint=https://tstweurstgboot.blob.core.windows.net/;AccountName=tstweurstgboot;AccountKey=q3zuk5F/eVBBxDr0hREkRgYgbZLu73bC5ZJw/U1rKnm4K/MDwa1C65Jqd64pHniFH5JTdBfLKqFO+ASt2bYMdg==",
            "primary_blob_endpoint": "https://tstweurstgboot.blob.core.windows.net/",
            "primary_blob_host": "tstweurstgboot.blob.core.windows.net",
            "primary_connection_string": "DefaultEndpointsProtocol=https;AccountName=tstweurstgboot;AccountKey=q3zuk5F/eVBBxDr0hREkRgYgbZLu73bC5ZJw/U1rKnm4K/MDwa1C65Jqd64pHniFH5JTdBfLKqFO+ASt2bYMdg==;EndpointSuffix=core.windows.net",
            "primary_dfs_endpoint": "https://tstweurstgboot.dfs.core.windows.net/",
            "primary_dfs_host": "tstweurstgboot.dfs.core.windows.net",
            "primary_file_endpoint": "https://tstweurstgboot.file.core.windows.net/",
            "primary_file_host": "tstweurstgboot.file.core.windows.net",
            "primary_location": "westeurope",
            "primary_queue_endpoint": "https://tstweurstgboot.queue.core.windows.net/",
            "primary_queue_host": "tstweurstgboot.queue.core.windows.net",
            "primary_table_endpoint": "https://tstweurstgboot.table.core.windows.net/",
            "primary_table_host": "tstweurstgboot.table.core.windows.net",
            "primary_web_endpoint": "https://tstweurstgboot.z6.web.core.windows.net/",
            "primary_web_host": "tstweurstgboot.z6.web.core.windows.net",
            "queue_encryption_key_type": "Service",
            "queue_properties": [
              {
                "cors_rule": [],
                "hour_metrics": [
                  {
                    "enabled": true,
                    "include_apis": true,
                    "retention_policy_days": 7,
                    "version": "1.0"
                  }
                ],
                "logging": [
                  {
                    "delete": false,
                    "read": false,
                    "retention_policy_days": 0,
                    "version": "1.0",
                    "write": false
                  }
                ],
                "minute_metrics": [
                  {
                    "enabled": false,
                    "include_apis": false,
                    "retention_policy_days": 0,
                    "version": "1.0"
                  }
                ]
              }
            ],
            "resource_group_name": "TST-WEUR-TFLAB1",
            "routing": [],
            "secondary_access_key": "yDuftBWlNuRR2Q1/EUi+d68ONl/yER/wUf4HTkuVTVYWw2b3nhA0jAewMWp3uPm9DfMespAvPK6T+AStGmofAQ==",
            "secondary_blob_connection_string": "",
            "secondary_blob_endpoint": null,
            "secondary_blob_host": null,
            "secondary_connection_string": "DefaultEndpointsProtocol=https;AccountName=tstweurstgboot;AccountKey=yDuftBWlNuRR2Q1/EUi+d68ONl/yER/wUf4HTkuVTVYWw2b3nhA0jAewMWp3uPm9DfMespAvPK6T+AStGmofAQ==;EndpointSuffix=core.windows.net",
            "secondary_dfs_endpoint": null,
            "secondary_dfs_host": null,
            "secondary_file_endpoint": null,
            "secondary_file_host": null,
            "secondary_location": "",
            "secondary_queue_endpoint": null,
            "secondary_queue_host": null,
            "secondary_table_endpoint": null,
            "secondary_table_host": null,
            "secondary_web_endpoint": null,
            "secondary_web_host": null,
            "share_properties": [
              {
                "cors_rule": [],
                "retention_policy": [
                  {
                    "days": 7
                  }
                ],
                "smb": []
              }
            ],
            "shared_access_key_enabled": true,
            "static_website": [],
            "table_encryption_key_type": "Service",
            "tags": {
              "BillingCode": "201219DN",
              "Company": "DordoLabs",
              "Environment": "TST",
              "Project": "DordoLabs-Lab-01"
            },
            "timeouts": null
          },
          "sensitive_attributes": [],
          "private": "eyJlMmJmYjczMC1lY2FhLTExZTYtOGY4OC0zNDM2M2JjN2M0YzAiOnsiY3JlYXRlIjozNjAwMDAwMDAwMDAwLCJkZWxldGUiOjM2MDAwMDAwMDAwMDAsInJlYWQiOjMwMDAwMDAwMDAwMCwidXBkYXRlIjozNjAwMDAwMDAwMDAwfSwic2NoZW1hX3ZlcnNpb24iOiIzIn0=",
          "dependencies": [
            "azurerm_resource_group.rg-01"
          ]
        }
      ]
    },
    {
      "mode": "managed",
      "type": "azurerm_subnet",
      "name": "lab01-subnet",
      "provider": "provider[\"registry.terraform.io/hashicorp/azurerm\"]",
      "instances": [
        {
          "schema_version": 0,
          "attributes": {
            "address_prefixes": [
              "10.0.0.0/27"
            ],
            "delegation": [],
            "enforce_private_link_endpoint_network_policies": false,
            "enforce_private_link_service_network_policies": false,
            "id": "/subscriptions/dfc1c669-4460-40a1-8d6a-3469f2b10f23/resourceGroups/TST-WEUR-TFLAB1/providers/Microsoft.Network/virtualNetworks/TST-WEUR-VNET01/subnets/TST-WEUR-SUBNET01",
            "name": "TST-WEUR-SUBNET01",
            "resource_group_name": "TST-WEUR-TFLAB1",
            "service_endpoint_policy_ids": null,
            "service_endpoints": null,
            "timeouts": null,
            "virtual_network_name": "TST-WEUR-VNET01"
          },
          "sensitive_attributes": [],
          "private": "eyJlMmJmYjczMC1lY2FhLTExZTYtOGY4OC0zNDM2M2JjN2M0YzAiOnsiY3JlYXRlIjoxODAwMDAwMDAwMDAwLCJkZWxldGUiOjE4MDAwMDAwMDAwMDAsInJlYWQiOjMwMDAwMDAwMDAwMCwidXBkYXRlIjoxODAwMDAwMDAwMDAwfX0=",
          "dependencies": [
            "azurerm_resource_group.rg-01",
            "azurerm_virtual_network.lab01-vnet"
          ]
        }
      ]
    },
    {
      "mode": "managed",
      "type": "azurerm_virtual_network",
      "name": "lab01-vnet",
      "provider": "provider[\"registry.terraform.io/hashicorp/azurerm\"]",
      "instances": [
        {
          "schema_version": 0,
          "attributes": {
            "address_space": [
              "10.0.0.0/26"
            ],
            "bgp_community": "",
            "ddos_protection_plan": [],
            "dns_servers": [],
            "edge_zone": "",
            "flow_timeout_in_minutes": 0,
            "guid": "1665c7e3-e2ce-489d-80a7-1e23403645ca",
            "id": "/subscriptions/dfc1c669-4460-40a1-8d6a-3469f2b10f23/resourceGroups/TST-WEUR-TFLAB1/providers/Microsoft.Network/virtualNetworks/TST-WEUR-VNET01",
            "location": "westeurope",
            "name": "TST-WEUR-VNET01",
            "resource_group_name": "TST-WEUR-TFLAB1",
            "subnet": [],
            "tags": {
              "BillingCode": "201219DN",
              "Company": "DordoLabs",
              "Environment": "TST",
              "Project": "DordoLabs-Lab-01"
            },
            "timeouts": null
          },
          "sensitive_attributes": [],
          "private": "eyJlMmJmYjczMC1lY2FhLTExZTYtOGY4OC0zNDM2M2JjN2M0YzAiOnsiY3JlYXRlIjoxODAwMDAwMDAwMDAwLCJkZWxldGUiOjE4MDAwMDAwMDAwMDAsInJlYWQiOjMwMDAwMDAwMDAwMCwidXBkYXRlIjoxODAwMDAwMDAwMDAwfX0=",
          "dependencies": [
            "azurerm_resource_group.rg-01"
          ]
        }
      ]
    },
    {
      "mode": "managed",
      "type": "random_pet",
      "name": "ssh_key_name",
      "provider": "provider[\"registry.terraform.io/hashicorp/random\"]",
      "instances": [
        {
          "schema_version": 0,
          "attributes": {
            "id": "sshfundane",
            "keepers": null,
            "length": 2,
            "prefix": "ssh",
            "separator": ""
          },
          "sensitive_attributes": []
        }
      ]
    }
  ],
  "check_results": null
}
