{
  "version": 4,
  "terraform_version": "1.6.6",
  "serial": 131,
  "lineage": "5271320d-e55b-6066-2ebc-fe48d5bc0928",
  "outputs": {
    "vmlinux-url": {
      "value": "http://20.16.58.188/index.html",
      "type": "string"
    }
  },
  "resources": [
    {
      "mode": "managed",
      "type": "azapi_resource",
      "name": "ssh_public_key",
      "provider": "provider[\"registry.terraform.io/azure/azapi\"]",
      "instances": [
        {
          "schema_version": 0,
          "attributes": {
            "body": "{}",
            "id": "/subscriptions/dfc1c669-4460-40a1-8d6a-3469f2b10f23/resourceGroups/TST-WEUR-TFLAB1/providers/Microsoft.Compute/sshPublicKeys/sshfundane",
            "identity": [],
            "ignore_body_changes": null,
            "ignore_casing": false,
            "ignore_missing_property": true,
            "location": "westeurope",
            "locks": null,
            "name": "sshfundane",
            "output": "{}",
            "parent_id": "/subscriptions/dfc1c669-4460-40a1-8d6a-3469f2b10f23/resourceGroups/TST-WEUR-TFLAB1",
            "removing_special_chars": false,
            "response_export_values": null,
            "schema_validation_enabled": true,
            "tags": {
              "BillingCode": "201219DN",
              "Company": "DordoLabs",
              "Environment": "TST",
              "Project": "DordoLabs-Lab-01"
            },
            "timeouts": null,
            "type": "Microsoft.Compute/sshPublicKeys@2022-11-01"
          },
          "sensitive_attributes": [],
          "private": "eyJlMmJmYjczMC1lY2FhLTExZTYtOGY4OC0zNDM2M2JjN2M0YzAiOnsiY3JlYXRlIjoxODAwMDAwMDAwMDAwLCJkZWxldGUiOjE4MDAwMDAwMDAwMDAsInJlYWQiOjMwMDAwMDAwMDAwMCwidXBkYXRlIjoxODAwMDAwMDAwMDAwfX0=",
          "dependencies": [
            "azurerm_resource_group.rg-01",
            "random_pet.ssh_key_name"
          ]
        }
      ]
    },
    {
      "mode": "managed",
      "type": "azapi_resource_action",
      "name": "ssh_public_key_gen",
      "provider": "provider[\"registry.terraform.io/azure/azapi\"]",
      "instances": [
        {
          "schema_version": 0,
          "attributes": {
            "action": "generateKeyPair",
            "body": null,
            "id": "/subscriptions/dfc1c669-4460-40a1-8d6a-3469f2b10f23/resourceGroups/TST-WEUR-TFLAB1/providers/Microsoft.Compute/sshPublicKeys/sshfundane/generateKeyPair",
            "locks": null,
            "method": "POST",
            "output": "{\"privateKey\":\"-----BEGIN RSA PRIVATE KEY-----\\r\\nMIIG5AIBAAKCAYEA6IQsjDeQ9S9BYQWaUXnSPa1t0MGZ/uuiq/USndgBCLdAv0Fs\\r\\nMiPmr62Ur+XfHtREs1UGEojD3JujD123LYzSb9LrOY2pCb8w36WKnlafs9ua/Vi3\\r\\nBm5oc4UlioWSnUt3RIru0iFP7Nh+WIckCguWFWfOHvDDxw3nc7pNMkudEUXhrOws\\r\\ntZzITcrCcgntH53xKNleg9dpcFmxMd2PNsuuLQg33yCi1EtI8FPE4PAqyTKl9wdd\\r\\n7wYaDl5SSvObXFhZYvKCRAG1YpXH25Qzy6haJS7+BtXQ7UXpBB9YGBRNMb2iFLQB\\r\\n0jYFlIpChhAiPdeHGfUmQrfv8+RtohSIQ/z7W/0v6c7bWVW0Nxuf1tfqUcxHJVv/\\r\\nbDsh2L+5jS7ei7TRcwOsNS863HahhCYBietB4S3QoatIlqL+N6T+mrbIpw6gnK00\\r\\nlKqUBBxG/oArK4fvT7LvY9JkKN1UJCw0ewIJtj2Y4cG1u5+GZ231tXqjx/BeBBX3\\r\\n0Dnq+G3c6ftsGl1NAgMBAAECggGAJNvXB/9C/msYTR4LQYEzP82/S8l09QE7j1DR\\r\\nO65jM5OBMxBW63ffeNfmax/gh82Uem0vAj8l9VHCvovXnuPk9A8WdNAtDLt/LuTa\\r\\nHZGTzXoxjpnCocVcz3s64UOdY0v0QyxXAX6AYgZLuRLrNqBxkUEcXrFCB8r/dswA\\r\\nssljw7o1NSlXSQ7qfdJ3koZaTZnHAfe7UOET+NhvC32Y11HgcYkM+lT9GvQ4Qsi0\\r\\nvAe2cKCTyJ4lWN+5v69aEkGdzjy+2VJ/Vn5SOUBiLRIqN+ZWNcp1cMjPPME9pEnG\\r\\nVHig3F7869z54lm47HPLWKqdckQOLaCajFDpdv9DLIVheVZQHu++C3JMNaaIlPrD\\r\\nQjaXHFIXNA2zKRVl9jQY6n3iHB4fY6NQDSdDBE7T+zjzC8ZLzDd+2BkBF9Eq+e7t\\r\\nwZT0mcJe+ONf865wIoQg6F4K6R7GCeLHnBjEGMIZZ6cY0cMcj63UGeJaloyxX9sL\\r\\n53PlgH1RmyyhB2ffjHZT3efULRDNAoHBAOoNlMTz+BTJloejxAa6+jm0nYd13ul2\\r\\n3gRj6ns+zWcuyAnswlCvFw1EStvvBPp+STkxDpqpVo2N5t+cqWRmfl1HmkNxLG1P\\r\\nN3C7OU6as9P4AF8JV4x/YoV4zxGpx84Kaf9DxHz6gUlKG5ZkOp5+wN4tlY69ytMH\\r\\nlBzj90Afl3plg0i/klxiAFi2zroSxjHYyCt59j9ZvWdTsZ0cA08CKlua8KmSqhiB\\r\\no+RzN8aUbKJZtwgAoip+6s1R1dCVfF1zswKBwQD+UbQU+wsoIWq7M/8Ow5SAZPuC\\r\\nyzWEvuSeguj8fjxSrlxmJr1qbE/uhyYm0OdTbVaTmCcClBAM8g8bKe4I6rOR0nb9\\r\\nwr8QOt6QbY2dNnP/r0bYVpGHjXHpZCmTIZ8CEIfJoeZHY8LgFW1PiTGTGbgfO5cr\\r\\nRvWsfKrC3D2TvcBfeNLtzjhCn5DP7uJ7/rkMRYkmH9nzDlGbXPsFaYfD8LwSmUx8\\r\\nhybRrqFriPpwtyBxSps+Q7Rq45xjDHI8BuR0av8CgcEAuSIa/hs4rUCziAD66pP1\\r\\nn7WFMYQD2cnDXdemvuvzT13Kr0cOgQGuCzlsuUD8QCOqScnLEn1F0FxhNZlWx+rm\\r\\no2Qi2pvnl2MkqE//yXRHMDCoIoRiMukEBi2EJSWVvR2xsE9rWaxQnac34SLQ11PN\\r\\nvTBzb2Ai0f/ZoWyUw6z5hcBMMzwNSnPecE3RgY+eJAmkc/dZ18xlLBkgkfR5jYJZ\\r\\n/PG20XsIfq/08pxMjxASSe0LARJ3M4QGuHe11/KWV9lPAoHBALgynxbPGS6QvYgn\\r\\nSeX8nBM+kLgTzIh/5oA0WuF94N0VspC+IFTzbBVcR7K3fcR8Hce63Q5OBS4LKAvJ\\r\\nm8FTlInagRqcsdvkd4zt/DLQ3MVkwxAv6yndtZKQXFhXcp6BMIhGvc4ZIG1Ct7By\\r\\nsrhTWXstovjSZV/vz5JhCCx4s9uyXDunMDJ49d7Uq6+ZN5f+yS4Wxbn4Nf0sJBew\\r\\nbofpVZ6276IGFYSrUfjb9mArEtFbcwNu8D626m8G9boqV89GKwKBwGnLNL5Q/UaI\\r\\nkb3Z/DbJwFo0m5gjEPbADh6tYuItnl6Nt13Jr4rx7d93dunmFxz2yX6p8q9CH/0I\\r\\nOKLU66NdU9ZMLxhtR2wbFNrpnoqjyVDhNBhdUexX8VL8poTOAJaHX3ZpM1hxL6cd\\r\\nXObJyQPKcnmTZK+vWVRHsE98D/WsB2UKIjzSAUPWENSTNQ7xQaEUeUoOXdCU1tza\\r\\noVYxSnV5l4+IF2QLPdmtGIVWuKJxIdoh62iztHf/a7U+xmDW3l4gqA==\\r\\n-----END RSA PRIVATE KEY-----\\r\\n\",\"publicKey\":\"ssh-rsa AAAAB3NzaC1yc2EAAAADAQABAAABgQDohCyMN5D1L0FhBZpRedI9rW3QwZn+66Kr9RKd2AEIt0C/QWwyI+avrZSv5d8e1ESzVQYSiMPcm6MPXbctjNJv0us5jakJvzDfpYqeVp+z25r9WLcGbmhzhSWKhZKdS3dEiu7SIU/s2H5YhyQKC5YVZ84e8MPHDedzuk0yS50RReGs7Cy1nMhNysJyCe0fnfEo2V6D12lwWbEx3Y82y64tCDffIKLUS0jwU8Tg8CrJMqX3B13vBhoOXlJK85tcWFli8oJEAbVilcfblDPLqFolLv4G1dDtRekEH1gYFE0xvaIUtAHSNgWUikKGECI914cZ9SZCt+/z5G2iFIhD/Ptb/S/pzttZVbQ3G5/W1+pRzEclW/9sOyHYv7mNLt6LtNFzA6w1LzrcdqGEJgGJ60HhLdChq0iWov43pP6atsinDqCcrTSUqpQEHEb+gCsrh+9Psu9j0mQo3VQkLDR7Agm2PZjhwbW7n4ZnbfW1eqPH8F4EFffQOer4bdzp+2waXU0= generated-by-azure\"}",
            "resource_id": "/subscriptions/dfc1c669-4460-40a1-8d6a-3469f2b10f23/resourceGroups/TST-WEUR-TFLAB1/providers/Microsoft.Compute/sshPublicKeys/sshfundane",
            "response_export_values": [
              "publicKey",
              "privateKey"
            ],
            "timeouts": null,
            "type": "Microsoft.Compute/sshPublicKeys@2022-11-01",
            "when": "apply"
          },
          "sensitive_attributes": [],
          "private": "eyJlMmJmYjczMC1lY2FhLTExZTYtOGY4OC0zNDM2M2JjN2M0YzAiOnsiY3JlYXRlIjoxODAwMDAwMDAwMDAwLCJkZWxldGUiOjE4MDAwMDAwMDAwMDAsInJlYWQiOjMwMDAwMDAwMDAwMCwidXBkYXRlIjoxODAwMDAwMDAwMDAwfX0=",
          "dependencies": [
            "azapi_resource.ssh_public_key",
            "azurerm_resource_group.rg-01",
            "random_pet.ssh_key_name"
          ]
        }
      ]
    },
    {
      "mode": "managed",
      "type": "azurerm_linux_virtual_machine",
      "name": "lab01-vmLinux",
      "provider": "provider[\"registry.terraform.io/hashicorp/azurerm\"]",
      "instances": [
        {
          "schema_version": 0,
          "attributes": {
            "additional_capabilities": [],
            "admin_password": null,
            "admin_ssh_key": [
              {
                "public_key": "ssh-rsa AAAAB3NzaC1yc2EAAAADAQABAAABgQDohCyMN5D1L0FhBZpRedI9rW3QwZn+66Kr9RKd2AEIt0C/QWwyI+avrZSv5d8e1ESzVQYSiMPcm6MPXbctjNJv0us5jakJvzDfpYqeVp+z25r9WLcGbmhzhSWKhZKdS3dEiu7SIU/s2H5YhyQKC5YVZ84e8MPHDedzuk0yS50RReGs7Cy1nMhNysJyCe0fnfEo2V6D12lwWbEx3Y82y64tCDffIKLUS0jwU8Tg8CrJMqX3B13vBhoOXlJK85tcWFli8oJEAbVilcfblDPLqFolLv4G1dDtRekEH1gYFE0xvaIUtAHSNgWUikKGECI914cZ9SZCt+/z5G2iFIhD/Ptb/S/pzttZVbQ3G5/W1+pRzEclW/9sOyHYv7mNLt6LtNFzA6w1LzrcdqGEJgGJ60HhLdChq0iWov43pP6atsinDqCcrTSUqpQEHEb+gCsrh+9Psu9j0mQo3VQkLDR7Agm2PZjhwbW7n4ZnbfW1eqPH8F4EFffQOer4bdzp+2waXU0= generated-by-azure",
                "username": "dordolnx01"
              }
            ],
            "admin_username": "dordolnx01",
            "allow_extension_operations": true,
            "availability_set_id": "",
            "boot_diagnostics": [
              {
                "storage_account_uri": "https://tstweurstgboot.blob.core.windows.net/"
              }
            ],
            "computer_name": "TSTWEURLNX01",
            "custom_data": "IyEvYmluL2Jhc2gKCnN1ZG8gYXB0LWdldCAteSB1cGRhdGUKc3VkbyBhcHQtZ2V0IC15IGluc3RhbGwgbmdpbngKZWNobyAnSGVsbG8gV29ybGQgLSBZb3UgZ290IGl0LCB5b3UganVzdCBmaW5pc2ggeW91ciBUZXJyYWZvcm0gbGFiMDEnIHwgc3VkbyB0ZWUgL3Zhci93d3cvaHRtbC9pbmRleC5odG1sCnN1ZG8gc2VydmljZSBuZ2lueCBzdGFydA==",
            "dedicated_host_group_id": "",
            "dedicated_host_id": "",
            "disable_password_authentication": true,
            "edge_zone": "",
            "encryption_at_host_enabled": false,
            "eviction_policy": "",
            "extensions_time_budget": "PT1H30M",
            "id": "/subscriptions/dfc1c669-4460-40a1-8d6a-3469f2b10f23/resourceGroups/TST-WEUR-TFLAB1/providers/Microsoft.Compute/virtualMachines/TST-WEUR-VMLinux01",
            "identity": [],
            "license_type": "",
            "location": "westeurope",
            "max_bid_price": -1,
            "name": "TST-WEUR-VMLinux01",
            "network_interface_ids": [
              "/subscriptions/dfc1c669-4460-40a1-8d6a-3469f2b10f23/resourceGroups/TST-WEUR-TFLAB1/providers/Microsoft.Network/networkInterfaces/TST-WEUR-NIC01"
            ],
            "os_disk": [
              {
                "caching": "ReadWrite",
                "diff_disk_settings": [],
                "disk_encryption_set_id": "",
                "disk_size_gb": 30,
                "name": "DiskVm-linux01",
                "storage_account_type": "Premium_LRS",
                "write_accelerator_enabled": false
              }
            ],
            "patch_mode": "ImageDefault",
            "plan": [],
            "platform_fault_domain": -1,
            "priority": "Regular",
            "private_ip_address": "10.0.0.4",
            "private_ip_addresses": [
              "10.0.0.4"
            ],
            "provision_vm_agent": true,
            "proximity_placement_group_id": "",
            "public_ip_address": "20.16.58.188",
            "public_ip_addresses": [
              "20.16.58.188"
            ],
            "resource_group_name": "TST-WEUR-TFLAB1",
            "secret": [],
            "secure_boot_enabled": false,
            "size": "Standard_B2ts_v2",
            "source_image_id": "",
            "source_image_reference": [
              {
                "offer": "0001-com-ubuntu-server-jammy",
                "publisher": "Canonical",
                "sku": "22_04-lts-gen2",
                "version": "latest"
              }
            ],
            "tags": {
              "BillingCode": "201219DN",
              "Company": "DordoLabs",
              "Environment": "TST",
              "Project": "DordoLabs-Lab-01"
            },
            "termination_notification": null,
            "timeouts": null,
            "user_data": "",
            "virtual_machine_id": "1fe3b9a8-6753-4fa6-a582-b35a913049e6",
            "virtual_machine_scale_set_id": "",
            "vtpm_enabled": false,
            "zone": ""
          },
          "sensitive_attributes": [],
          "private": "eyJlMmJmYjczMC1lY2FhLTExZTYtOGY4OC0zNDM2M2JjN2M0YzAiOnsiY3JlYXRlIjoyNzAwMDAwMDAwMDAwLCJkZWxldGUiOjI3MDAwMDAwMDAwMDAsInJlYWQiOjMwMDAwMDAwMDAwMCwidXBkYXRlIjoyNzAwMDAwMDAwMDAwfX0=",
          "dependencies": [
            "azapi_resource.ssh_public_key",
            "azapi_resource_action.ssh_public_key_gen",
            "azurerm_network_interface.lab01-nic",
            "azurerm_public_ip.lab01-PubIP",
            "azurerm_resource_group.rg-01",
            "azurerm_storage_account.stg-bootDiagnostics-vmLinux",
            "azurerm_subnet.lab01-subnet",
            "azurerm_virtual_network.lab01-vnet",
            "random_pet.ssh_key_name"
          ]
        }
      ]
    },
    {
      "mode": "managed",
      "type": "azurerm_network_interface",
      "name": "lab01-nic",
      "provider": "provider[\"registry.terraform.io/hashicorp/azurerm\"]",
      "instances": [
        {
          "schema_version": 0,
          "attributes": {
            "applied_dns_servers": [],
            "dns_servers": [],
            "edge_zone": "",
            "enable_accelerated_networking": false,
            "enable_ip_forwarding": false,
            "id": "/subscriptions/dfc1c669-4460-40a1-8d6a-3469f2b10f23/resourceGroups/TST-WEUR-TFLAB1/providers/Microsoft.Network/networkInterfaces/TST-WEUR-NIC01",
            "internal_dns_name_label": "",
            "internal_domain_name_suffix": "fepdkdg2puvelakv2d3bkb3jgh.ax.internal.cloudapp.net",
            "ip_configuration": [
              {
                "gateway_load_balancer_frontend_ip_configuration_id": "",
                "name": "nic-config",
                "primary": true,
                "private_ip_address": "10.0.0.4",
                "private_ip_address_allocation": "Dynamic",
                "private_ip_address_version": "IPv4",
                "public_ip_address_id": "/subscriptions/dfc1c669-4460-40a1-8d6a-3469f2b10f23/resourceGroups/TST-WEUR-TFLAB1/providers/Microsoft.Network/publicIPAddresses/TST-WEUR-PUBIP01",
                "subnet_id": "/subscriptions/dfc1c669-4460-40a1-8d6a-3469f2b10f23/resourceGroups/TST-WEUR-TFLAB1/providers/Microsoft.Network/virtualNetworks/TST-WEUR-VNET01/subnets/TST-WEUR-SUBNET01"
              }
            ],
            "location": "westeurope",
            "mac_address": "",
            "name": "TST-WEUR-NIC01",
            "private_ip_address": "10.0.0.4",
            "private_ip_addresses": [
              "10.0.0.4"
            ],
            "resource_group_name": "TST-WEUR-TFLAB1",
            "tags": {
              "BillingCode": "201219DN",
              "Company": "DordoLabs",
              "Environment": "TST",
              "Project": "DordoLabs-Lab-01"
            },
            "timeouts": null,
            "virtual_machine_id": ""
          },
          "sensitive_attributes": [],
          "private": "eyJlMmJmYjczMC1lY2FhLTExZTYtOGY4OC0zNDM2M2JjN2M0YzAiOnsiY3JlYXRlIjoxODAwMDAwMDAwMDAwLCJkZWxldGUiOjE4MDAwMDAwMDAwMDAsInJlYWQiOjMwMDAwMDAwMDAwMCwidXBkYXRlIjoxODAwMDAwMDAwMDAwfX0=",
          "dependencies": [
            "azurerm_public_ip.lab01-PubIP",
            "azurerm_resource_group.rg-01",
            "azurerm_subnet.lab01-subnet",
            "azurerm_virtual_network.lab01-vnet"
          ]
        }
      ]
    },
    {
      "mode": "managed",
      "type": "azurerm_network_interface_security_group_association",
      "name": "lab01-nsgnic-assoc",
      "provider": "provider[\"registry.terraform.io/hashicorp/azurerm\"]",
      "instances": [
        {
          "schema_version": 0,
          "attributes": {
            "id": "/subscriptions/dfc1c669-4460-40a1-8d6a-3469f2b10f23/resourceGroups/TST-WEUR-TFLAB1/providers/Microsoft.Network/networkInterfaces/TST-WEUR-NIC01|/subscriptions/dfc1c669-4460-40a1-8d6a-3469f2b10f23/resourceGroups/TST-WEUR-TFLAB1/providers/Microsoft.Network/networkSecurityGroups/lab01NetworkSecurityGroup",
            "network_interface_id": "/subscriptions/dfc1c669-4460-40a1-8d6a-3469f2b10f23/resourceGroups/TST-WEUR-TFLAB1/providers/Microsoft.Network/networkInterfaces/TST-WEUR-NIC01",
            "network_security_group_id": "/subscriptions/dfc1c669-4460-40a1-8d6a-3469f2b10f23/resourceGroups/TST-WEUR-TFLAB1/providers/Microsoft.Network/networkSecurityGroups/lab01NetworkSecurityGroup",
            "timeouts": null
          },
          "sensitive_attributes": [],
          "private": "eyJlMmJmYjczMC1lY2FhLTExZTYtOGY4OC0zNDM2M2JjN2M0YzAiOnsiY3JlYXRlIjoxODAwMDAwMDAwMDAwLCJkZWxldGUiOjE4MDAwMDAwMDAwMDAsInJlYWQiOjMwMDAwMDAwMDAwMCwidXBkYXRlIjoxODAwMDAwMDAwMDAwfX0=",
          "dependencies": [
            "azurerm_network_interface.lab01-nic",
            "azurerm_network_security_group.lab01-nsg-nic",
            "azurerm_public_ip.lab01-PubIP",
            "azurerm_resource_group.rg-01",
            "azurerm_subnet.lab01-subnet",
            "azurerm_virtual_network.lab01-vnet"
          ]
        }
      ]
    },
    {
      "mode": "managed",
      "type": "azurerm_network_security_group",
      "name": "lab01-nsg-nic",
      "provider": "provider[\"registry.terraform.io/hashicorp/azurerm\"]",
      "instances": [
        {
          "schema_version": 0,
          "attributes": {
            "id": "/subscriptions/dfc1c669-4460-40a1-8d6a-3469f2b10f23/resourceGroups/TST-WEUR-TFLAB1/providers/Microsoft.Network/networkSecurityGroups/lab01NetworkSecurityGroup",
            "location": "westeurope",
            "name": "lab01NetworkSecurityGroup",
            "resource_group_name": "TST-WEUR-TFLAB1",
            "security_rule": [
              {
                "access": "Allow",
                "description": "",
                "destination_address_prefix": "*",
                "destination_address_prefixes": [],
                "destination_application_security_group_ids": [],
                "destination_port_range": "22",
                "destination_port_ranges": [],
                "direction": "Inbound",
                "name": "SSH",
                "priority": 1001,
                "protocol": "Tcp",
                "source_address_prefix": "*",
                "source_address_prefixes": [],
                "source_application_security_group_ids": [],
                "source_port_range": "*",
                "source_port_ranges": []
              },
              {
                "access": "Allow",
                "description": "",
                "destination_address_prefix": "*",
                "destination_address_prefixes": [],
                "destination_application_security_group_ids": [],
                "destination_port_range": "80",
                "destination_port_ranges": [],
                "direction": "Inbound",
                "name": "HTTP",
                "priority": 1002,
                "protocol": "Tcp",
                "source_address_prefix": "*",
                "source_address_prefixes": [],
                "source_application_security_group_ids": [],
                "source_port_range": "*",
                "source_port_ranges": []
              }
            ],
            "tags": {
              "BillingCode": "201219DN",
              "Company": "DordoLabs",
              "Environment": "TST",
              "Project": "DordoLabs-Lab-01"
            },
            "timeouts": null
          },
          "sensitive_attributes": [],
          "private": "eyJlMmJmYjczMC1lY2FhLTExZTYtOGY4OC0zNDM2M2JjN2M0YzAiOnsiY3JlYXRlIjoxODAwMDAwMDAwMDAwLCJkZWxldGUiOjE4MDAwMDAwMDAwMDAsInJlYWQiOjMwMDAwMDAwMDAwMCwidXBkYXRlIjoxODAwMDAwMDAwMDAwfX0=",
          "dependencies": [
            "azurerm_resource_group.rg-01"
          ]
        }
      ]
    },
    {
      "mode": "managed",
      "type": "azurerm_network_security_rule",
      "name": "nsg-rule-http",
      "provider": "provider[\"registry.terraform.io/hashicorp/azurerm\"]",
      "instances": [
        {
          "schema_version": 0,
          "attributes": {
            "access": "Allow",
            "description": "",
            "destination_address_prefix": "*",
            "destination_address_prefixes": [],
            "destination_application_security_group_ids": [],
            "destination_port_range": "80",
            "destination_port_ranges": [],
            "direction": "Inbound",
            "id": "/subscriptions/dfc1c669-4460-40a1-8d6a-3469f2b10f23/resourceGroups/TST-WEUR-TFLAB1/providers/Microsoft.Network/networkSecurityGroups/lab01NetworkSecurityGroup/securityRules/HTTP",
            "name": "HTTP",
            "network_security_group_name": "lab01NetworkSecurityGroup",
            "priority": 1002,
            "protocol": "Tcp",
            "resource_group_name": "TST-WEUR-TFLAB1",
            "source_address_prefix": "*",
            "source_address_prefixes": [],
            "source_application_security_group_ids": [],
            "source_port_range": "*",
            "source_port_ranges": [],
            "timeouts": null
          },
          "sensitive_attributes": [],
          "private": "eyJlMmJmYjczMC1lY2FhLTExZTYtOGY4OC0zNDM2M2JjN2M0YzAiOnsiY3JlYXRlIjoxODAwMDAwMDAwMDAwLCJkZWxldGUiOjE4MDAwMDAwMDAwMDAsInJlYWQiOjMwMDAwMDAwMDAwMCwidXBkYXRlIjoxODAwMDAwMDAwMDAwfX0=",
          "dependencies": [
            "azurerm_network_security_group.lab01-nsg-nic",
            "azurerm_resource_group.rg-01"
          ]
        }
      ]
    },
    {
      "mode": "managed",
      "type": "azurerm_network_security_rule",
      "name": "nsg-rule-ssh",
      "provider": "provider[\"registry.terraform.io/hashicorp/azurerm\"]",
      "instances": [
        {
          "schema_version": 0,
          "attributes": {
            "access": "Allow",
            "description": "",
            "destination_address_prefix": "*",
            "destination_address_prefixes": [],
            "destination_application_security_group_ids": [],
            "destination_port_range": "22",
            "destination_port_ranges": [],
            "direction": "Inbound",
            "id": "/subscriptions/dfc1c669-4460-40a1-8d6a-3469f2b10f23/resourceGroups/TST-WEUR-TFLAB1/providers/Microsoft.Network/networkSecurityGroups/lab01NetworkSecurityGroup/securityRules/SSH",
            "name": "SSH",
            "network_security_group_name": "lab01NetworkSecurityGroup",
            "priority": 1001,
            "protocol": "Tcp",
            "resource_group_name": "TST-WEUR-TFLAB1",
            "source_address_prefix": "*",
            "source_address_prefixes": [],
            "source_application_security_group_ids": [],
            "source_port_range": "*",
            "source_port_ranges": [],
            "timeouts": null
          },
          "sensitive_attributes": [],
          "private": "eyJlMmJmYjczMC1lY2FhLTExZTYtOGY4OC0zNDM2M2JjN2M0YzAiOnsiY3JlYXRlIjoxODAwMDAwMDAwMDAwLCJkZWxldGUiOjE4MDAwMDAwMDAwMDAsInJlYWQiOjMwMDAwMDAwMDAwMCwidXBkYXRlIjoxODAwMDAwMDAwMDAwfX0=",
          "dependencies": [
            "azurerm_network_security_group.lab01-nsg-nic",
            "azurerm_resource_group.rg-01"
          ]
        }
      ]
    },
    {
      "mode": "managed",
      "type": "azurerm_public_ip",
      "name": "lab01-PubIP",
      "provider": "provider[\"registry.terraform.io/hashicorp/azurerm\"]",
      "instances": [
        {
          "schema_version": 0,
          "attributes": {
            "allocation_method": "Dynamic",
            "domain_name_label": null,
            "edge_zone": "",
            "fqdn": null,
            "id": "/subscriptions/dfc1c669-4460-40a1-8d6a-3469f2b10f23/resourceGroups/TST-WEUR-TFLAB1/providers/Microsoft.Network/publicIPAddresses/TST-WEUR-PUBIP01",
            "idle_timeout_in_minutes": 4,
            "ip_address": "",
            "ip_tags": {},
            "ip_version": "IPv4",
            "location": "westeurope",
            "name": "TST-WEUR-PUBIP01",
            "public_ip_prefix_id": null,
            "resource_group_name": "TST-WEUR-TFLAB1",
            "reverse_fqdn": null,
            "sku": "Basic",
            "sku_tier": "Regional",
            "tags": {
              "BillingCode": "201219DN",
              "Company": "DordoLabs",
              "Environment": "TST",
              "Project": "DordoLabs-Lab-01"
            },
            "timeouts": null,
            "zones": []
          },
          "sensitive_attributes": [],
          "private": "eyJlMmJmYjczMC1lY2FhLTExZTYtOGY4OC0zNDM2M2JjN2M0YzAiOnsiY3JlYXRlIjoxODAwMDAwMDAwMDAwLCJkZWxldGUiOjE4MDAwMDAwMDAwMDAsInJlYWQiOjMwMDAwMDAwMDAwMCwidXBkYXRlIjoxODAwMDAwMDAwMDAwfX0=",
          "dependencies": [
            "azurerm_resource_group.rg-01"
          ]
        }
      ]
    },
    {
      "mode": "managed",
      "type": "azurerm_resource_group",
      "name": "rg-01",
      "provider": "provider[\"registry.terraform.io/hashicorp/azurerm\"]",
      "instances": [
        {
          "schema_version": 0,
          "attributes": {
            "id": "/subscriptions/dfc1c669-4460-40a1-8d6a-3469f2b10f23/resourceGroups/TST-WEUR-TFLAB1",
            "location": "westeurope",
            "name": "TST-WEUR-TFLAB1",
            "tags": {
              "BillingCode": "201219DN",
              "Company": "DordoLabs",
              "Environment": "TST",
              "Project": "DordoLabs-Lab-01"
            },
            "timeouts": null
          },
          "sensitive_attributes": [],
          "private": "eyJlMmJmYjczMC1lY2FhLTExZTYtOGY4OC0zNDM2M2JjN2M0YzAiOnsiY3JlYXRlIjo1NDAwMDAwMDAwMDAwLCJkZWxldGUiOjU0MDAwMDAwMDAwMDAsInJlYWQiOjMwMDAwMDAwMDAwMCwidXBkYXRlIjo1NDAwMDAwMDAwMDAwfX0="
        }
      ]
    },
    {
      "mode": "managed",
      "type": "azurerm_storage_account",
      "name": "stg-bootDiagnostics-vmLinux",
      "provider": "provider[\"registry.terraform.io/hashicorp/azurerm\"]",
      "instances": [
        {
          "schema_version": 3,
          "attributes": {
            "access_tier": "Hot",
            "account_kind": "StorageV2",
            "account_replication_type": "LRS",
            "account_tier": "Standard",
            "allow_nested_items_to_be_public": true,
            "azure_files_authentication": [],
            "blob_properties": [
              {
                "change_feed_enabled": false,
                "container_delete_retention_policy": [],
                "cors_rule": [],
                "default_service_version": "",
                "delete_retention_policy": [],
                "last_access_time_enabled": false,
                "versioning_enabled": false
              }
            ],
            "custom_domain": [],
            "customer_managed_key": [],
            "edge_zone": "",
            "enable_https_traffic_only": true,
            "id": "/subscriptions/dfc1c669-4460-40a1-8d6a-3469f2b10f23/resourceGroups/TST-WEUR-TFLAB1/providers/Microsoft.Storage/storageAccounts/tstweurstgboot",
            "identity": [],
            "infrastructure_encryption_enabled": false,
            "is_hns_enabled": false,
            "large_file_share_enabled": null,
            "location": "westeurope",
            "min_tls_version": "TLS1_2",
            "name": "tstweurstgboot",
            "network_rules": [
              {
                "bypass": [
                  "AzureServices"
                ],
                "default_action": "Allow",
                "ip_rules": [],
                "private_link_access": [],
                "virtual_network_subnet_ids": []
              }
            ],
            "nfsv3_enabled": false,
            "primary_access_key": "SpXNaflcPwggaHDwcTfGIG3IqPRcK9KpEh9zGk290ruzLmnMi1EA8P+lt+PHBeEYple/efVtCoaC+AStXjWDgA==",
            "primary_blob_connection_string": "DefaultEndpointsProtocol=https;BlobEndpoint=https://tstweurstgboot.blob.core.windows.net/;AccountName=tstweurstgboot;AccountKey=SpXNaflcPwggaHDwcTfGIG3IqPRcK9KpEh9zGk290ruzLmnMi1EA8P+lt+PHBeEYple/efVtCoaC+AStXjWDgA==",
            "primary_blob_endpoint": "https://tstweurstgboot.blob.core.windows.net/",
            "primary_blob_host": "tstweurstgboot.blob.core.windows.net",
            "primary_connection_string": "DefaultEndpointsProtocol=https;AccountName=tstweurstgboot;AccountKey=SpXNaflcPwggaHDwcTfGIG3IqPRcK9KpEh9zGk290ruzLmnMi1EA8P+lt+PHBeEYple/efVtCoaC+AStXjWDgA==;EndpointSuffix=core.windows.net",
            "primary_dfs_endpoint": "https://tstweurstgboot.dfs.core.windows.net/",
            "primary_dfs_host": "tstweurstgboot.dfs.core.windows.net",
            "primary_file_endpoint": "https://tstweurstgboot.file.core.windows.net/",
            "primary_file_host": "tstweurstgboot.file.core.windows.net",
            "primary_location": "westeurope",
            "primary_queue_endpoint": "https://tstweurstgboot.queue.core.windows.net/",
            "primary_queue_host": "tstweurstgboot.queue.core.windows.net",
            "primary_table_endpoint": "https://tstweurstgboot.table.core.windows.net/",
            "primary_table_host": "tstweurstgboot.table.core.windows.net",
            "primary_web_endpoint": "https://tstweurstgboot.z6.web.core.windows.net/",
            "primary_web_host": "tstweurstgboot.z6.web.core.windows.net",
            "queue_encryption_key_type": "Service",
            "queue_properties": [
              {
                "cors_rule": [],
                "hour_metrics": [
                  {
                    "enabled": true,
                    "include_apis": true,
                    "retention_policy_days": 7,
                    "version": "1.0"
                  }
                ],
                "logging": [
                  {
                    "delete": false,
                    "read": false,
                    "retention_policy_days": 0,
                    "version": "1.0",
                    "write": false
                  }
                ],
                "minute_metrics": [
                  {
                    "enabled": false,
                    "include_apis": false,
                    "retention_policy_days": 0,
                    "version": "1.0"
                  }
                ]
              }
            ],
            "resource_group_name": "TST-WEUR-TFLAB1",
            "routing": [],
            "secondary_access_key": "eU8b7+Gliza7q/6Bdf0jE0tnl9rxp/crX0uplNQCBW/5i7CE4o7mD+5Y6gQ/NbW8Mx5p+4aurLgt+ASt3z/tUQ==",
            "secondary_blob_connection_string": "",
            "secondary_blob_endpoint": null,
            "secondary_blob_host": null,
            "secondary_connection_string": "DefaultEndpointsProtocol=https;AccountName=tstweurstgboot;AccountKey=eU8b7+Gliza7q/6Bdf0jE0tnl9rxp/crX0uplNQCBW/5i7CE4o7mD+5Y6gQ/NbW8Mx5p+4aurLgt+ASt3z/tUQ==;EndpointSuffix=core.windows.net",
            "secondary_dfs_endpoint": null,
            "secondary_dfs_host": null,
            "secondary_file_endpoint": null,
            "secondary_file_host": null,
            "secondary_location": "",
            "secondary_queue_endpoint": null,
            "secondary_queue_host": null,
            "secondary_table_endpoint": null,
            "secondary_table_host": null,
            "secondary_web_endpoint": null,
            "secondary_web_host": null,
            "share_properties": [
              {
                "cors_rule": [],
                "retention_policy": [
                  {
                    "days": 7
                  }
                ],
                "smb": []
              }
            ],
            "shared_access_key_enabled": true,
            "static_website": [],
            "table_encryption_key_type": "Service",
            "tags": {
              "BillingCode": "201219DN",
              "Company": "DordoLabs",
              "Environment": "TST",
              "Project": "DordoLabs-Lab-01"
            },
            "timeouts": null
          },
          "sensitive_attributes": [],
          "private": "eyJlMmJmYjczMC1lY2FhLTExZTYtOGY4OC0zNDM2M2JjN2M0YzAiOnsiY3JlYXRlIjozNjAwMDAwMDAwMDAwLCJkZWxldGUiOjM2MDAwMDAwMDAwMDAsInJlYWQiOjMwMDAwMDAwMDAwMCwidXBkYXRlIjozNjAwMDAwMDAwMDAwfSwic2NoZW1hX3ZlcnNpb24iOiIzIn0=",
          "dependencies": [
            "azurerm_resource_group.rg-01"
          ]
        }
      ]
    },
    {
      "mode": "managed",
      "type": "azurerm_subnet",
      "name": "lab01-subnet",
      "provider": "provider[\"registry.terraform.io/hashicorp/azurerm\"]",
      "instances": [
        {
          "schema_version": 0,
          "attributes": {
            "address_prefixes": [
              "10.0.0.0/27"
            ],
            "delegation": [],
            "enforce_private_link_endpoint_network_policies": false,
            "enforce_private_link_service_network_policies": false,
            "id": "/subscriptions/dfc1c669-4460-40a1-8d6a-3469f2b10f23/resourceGroups/TST-WEUR-TFLAB1/providers/Microsoft.Network/virtualNetworks/TST-WEUR-VNET01/subnets/TST-WEUR-SUBNET01",
            "name": "TST-WEUR-SUBNET01",
            "resource_group_name": "TST-WEUR-TFLAB1",
            "service_endpoint_policy_ids": null,
            "service_endpoints": null,
            "timeouts": null,
            "virtual_network_name": "TST-WEUR-VNET01"
          },
          "sensitive_attributes": [],
          "private": "eyJlMmJmYjczMC1lY2FhLTExZTYtOGY4OC0zNDM2M2JjN2M0YzAiOnsiY3JlYXRlIjoxODAwMDAwMDAwMDAwLCJkZWxldGUiOjE4MDAwMDAwMDAwMDAsInJlYWQiOjMwMDAwMDAwMDAwMCwidXBkYXRlIjoxODAwMDAwMDAwMDAwfX0=",
          "dependencies": [
            "azurerm_resource_group.rg-01",
            "azurerm_virtual_network.lab01-vnet"
          ]
        }
      ]
    },
    {
      "mode": "managed",
      "type": "azurerm_virtual_network",
      "name": "lab01-vnet",
      "provider": "provider[\"registry.terraform.io/hashicorp/azurerm\"]",
      "instances": [
        {
          "schema_version": 0,
          "attributes": {
            "address_space": [
              "10.0.0.0/26"
            ],
            "bgp_community": "",
            "ddos_protection_plan": [],
            "dns_servers": [],
            "edge_zone": "",
            "flow_timeout_in_minutes": 0,
            "guid": "0c351e29-7ddc-452a-8155-e0fa1507a937",
            "id": "/subscriptions/dfc1c669-4460-40a1-8d6a-3469f2b10f23/resourceGroups/TST-WEUR-TFLAB1/providers/Microsoft.Network/virtualNetworks/TST-WEUR-VNET01",
            "location": "westeurope",
            "name": "TST-WEUR-VNET01",
            "resource_group_name": "TST-WEUR-TFLAB1",
            "subnet": [],
            "tags": {
              "BillingCode": "201219DN",
              "Company": "DordoLabs",
              "Environment": "TST",
              "Project": "DordoLabs-Lab-01"
            },
            "timeouts": null
          },
          "sensitive_attributes": [],
          "private": "eyJlMmJmYjczMC1lY2FhLTExZTYtOGY4OC0zNDM2M2JjN2M0YzAiOnsiY3JlYXRlIjoxODAwMDAwMDAwMDAwLCJkZWxldGUiOjE4MDAwMDAwMDAwMDAsInJlYWQiOjMwMDAwMDAwMDAwMCwidXBkYXRlIjoxODAwMDAwMDAwMDAwfX0=",
          "dependencies": [
            "azurerm_resource_group.rg-01"
          ]
        }
      ]
    },
    {
      "mode": "managed",
      "type": "random_pet",
      "name": "ssh_key_name",
      "provider": "provider[\"registry.terraform.io/hashicorp/random\"]",
      "instances": [
        {
          "schema_version": 0,
          "attributes": {
            "id": "sshfundane",
            "keepers": null,
            "length": 2,
            "prefix": "ssh",
            "separator": ""
          },
          "sensitive_attributes": []
        }
      ]
    }
  ],
  "check_results": null
}
