{
  "version": 4,
  "terraform_version": "1.6.6",
  "serial": 22,
  "lineage": "5271320d-e55b-6066-2ebc-fe48d5bc0928",
  "outputs": {},
  "resources": [
    {
      "mode": "managed",
      "type": "azurerm_resource_group",
      "name": "rg-01",
      "provider": "provider[\"registry.terraform.io/hashicorp/azurerm\"]",
      "instances": [
        {
          "schema_version": 0,
          "attributes": {
            "id": "/subscriptions/dfc1c669-4460-40a1-8d6a-3469f2b10f23/resourceGroups/TST-WEUR-TFLAB1",
            "location": "westeurope",
            "name": "TST-WEUR-TFLAB1",
            "tags": {
              "BillingCode": "201219DN",
              "Company": "DordoLabs",
              "Environment": "TST",
              "Project": "DordoLabs-Lab-01"
            },
            "timeouts": null
          },
          "sensitive_attributes": [],
          "private": "eyJlMmJmYjczMC1lY2FhLTExZTYtOGY4OC0zNDM2M2JjN2M0YzAiOnsiY3JlYXRlIjo1NDAwMDAwMDAwMDAwLCJkZWxldGUiOjU0MDAwMDAwMDAwMDAsInJlYWQiOjMwMDAwMDAwMDAwMCwidXBkYXRlIjo1NDAwMDAwMDAwMDAwfX0="
        }
      ]
    },
    {
      "mode": "managed",
      "type": "azurerm_subnet",
      "name": "lab01-subnet",
      "provider": "provider[\"registry.terraform.io/hashicorp/azurerm\"]",
      "instances": [
        {
          "schema_version": 0,
          "attributes": {
            "address_prefixes": [
              "10.0.0.0/27"
            ],
            "delegation": [],
            "enforce_private_link_endpoint_network_policies": false,
            "enforce_private_link_service_network_policies": false,
            "id": "/subscriptions/dfc1c669-4460-40a1-8d6a-3469f2b10f23/resourceGroups/TST-WEUR-TFLAB1/providers/Microsoft.Network/virtualNetworks/TST-WEUR-VNET01/subnets/TST-WEUR-SUBNET01",
            "name": "TST-WEUR-SUBNET01",
            "resource_group_name": "TST-WEUR-TFLAB1",
            "service_endpoint_policy_ids": null,
            "service_endpoints": null,
            "timeouts": null,
            "virtual_network_name": "TST-WEUR-VNET01"
          },
          "sensitive_attributes": [],
          "private": "eyJlMmJmYjczMC1lY2FhLTExZTYtOGY4OC0zNDM2M2JjN2M0YzAiOnsiY3JlYXRlIjoxODAwMDAwMDAwMDAwLCJkZWxldGUiOjE4MDAwMDAwMDAwMDAsInJlYWQiOjMwMDAwMDAwMDAwMCwidXBkYXRlIjoxODAwMDAwMDAwMDAwfX0=",
          "dependencies": [
            "azurerm_resource_group.rg-01",
            "azurerm_virtual_network.lab01-vnet"
          ]
        }
      ]
    },
    {
      "mode": "managed",
      "type": "azurerm_virtual_network",
      "name": "lab01-vnet",
      "provider": "provider[\"registry.terraform.io/hashicorp/azurerm\"]",
      "instances": [
        {
          "schema_version": 0,
          "attributes": {
            "address_space": [
              "10.0.0.0/26"
            ],
            "bgp_community": "",
            "ddos_protection_plan": [],
            "dns_servers": [],
            "edge_zone": "",
            "flow_timeout_in_minutes": 0,
            "guid": "98c7b061-27b6-40ee-8845-d6a6f0503550",
            "id": "/subscriptions/dfc1c669-4460-40a1-8d6a-3469f2b10f23/resourceGroups/TST-WEUR-TFLAB1/providers/Microsoft.Network/virtualNetworks/TST-WEUR-VNET01",
            "location": "westeurope",
            "name": "TST-WEUR-VNET01",
            "resource_group_name": "TST-WEUR-TFLAB1",
            "subnet": [],
            "tags": {
              "BillingCode": "201219DN",
              "Company": "DordoLabs",
              "Environment": "TST",
              "Project": "DordoLabs-Lab-01"
            },
            "timeouts": null
          },
          "sensitive_attributes": [],
          "private": "eyJlMmJmYjczMC1lY2FhLTExZTYtOGY4OC0zNDM2M2JjN2M0YzAiOnsiY3JlYXRlIjoxODAwMDAwMDAwMDAwLCJkZWxldGUiOjE4MDAwMDAwMDAwMDAsInJlYWQiOjMwMDAwMDAwMDAwMCwidXBkYXRlIjoxODAwMDAwMDAwMDAwfX0=",
          "dependencies": [
            "azurerm_resource_group.rg-01"
          ]
        }
      ]
    }
  ],
  "check_results": null
}
