{
  "version": 4,
  "terraform_version": "1.6.6",
  "serial": 181,
  "lineage": "5271320d-e55b-6066-2ebc-fe48d5bc0928",
  "outputs": {
    "vmlinux-url": {
      "value": "http://51.136.161.195/index.html",
      "type": "string"
    }
  },
  "resources": [
    {
      "mode": "data",
      "type": "azurerm_dns_zone",
      "name": "dns_root_id",
      "provider": "provider[\"registry.terraform.io/hashicorp/azurerm\"]",
      "instances": [
        {
          "schema_version": 0,
          "attributes": {
            "id": "/subscriptions/dfc1c669-4460-40a1-8d6a-3469f2b10f23/resourceGroups/pro-weur-networking/providers/Microsoft.Network/dnszones/365enespanol.com",
            "max_number_of_record_sets": 10000,
            "name": "365enespanol.com",
            "name_servers": [
              "ns1-35.azure-dns.com.",
              "ns2-35.azure-dns.net.",
              "ns3-35.azure-dns.org.",
              "ns4-35.azure-dns.info."
            ],
            "number_of_record_sets": 4,
            "resource_group_name": "pro-weur-networking",
            "tags": {},
            "timeouts": null
          },
          "sensitive_attributes": []
        }
      ]
    },
    {
      "mode": "managed",
      "type": "azapi_resource",
      "name": "ssh_public_key",
      "provider": "provider[\"registry.terraform.io/azure/azapi\"]",
      "instances": [
        {
          "schema_version": 0,
          "attributes": {
            "body": "{}",
            "id": "/subscriptions/dfc1c669-4460-40a1-8d6a-3469f2b10f23/resourceGroups/TST-WEUR-TFLAB1/providers/Microsoft.Compute/sshPublicKeys/sshprimeinsect",
            "identity": [],
            "ignore_body_changes": null,
            "ignore_casing": false,
            "ignore_missing_property": true,
            "location": "westeurope",
            "locks": null,
            "name": "sshprimeinsect",
            "output": "{}",
            "parent_id": "/subscriptions/dfc1c669-4460-40a1-8d6a-3469f2b10f23/resourceGroups/TST-WEUR-TFLAB1",
            "removing_special_chars": false,
            "response_export_values": null,
            "schema_validation_enabled": true,
            "tags": {
              "BillingCode": "201219DN",
              "Company": "DordoLabs",
              "Environment": "TST",
              "Project": "DordoLabs-lab01"
            },
            "timeouts": null,
            "type": "Microsoft.Compute/sshPublicKeys@2022-11-01"
          },
          "sensitive_attributes": [],
          "private": "eyJlMmJmYjczMC1lY2FhLTExZTYtOGY4OC0zNDM2M2JjN2M0YzAiOnsiY3JlYXRlIjoxODAwMDAwMDAwMDAwLCJkZWxldGUiOjE4MDAwMDAwMDAwMDAsInJlYWQiOjMwMDAwMDAwMDAwMCwidXBkYXRlIjoxODAwMDAwMDAwMDAwfX0=",
          "dependencies": [
            "azurerm_resource_group.rg-01",
            "random_pet.ssh_key_name"
          ]
        }
      ]
    },
    {
      "mode": "managed",
      "type": "azapi_resource_action",
      "name": "ssh_public_key_gen",
      "provider": "provider[\"registry.terraform.io/azure/azapi\"]",
      "instances": [
        {
          "schema_version": 0,
          "attributes": {
            "action": "generateKeyPair",
            "body": null,
            "id": "/subscriptions/dfc1c669-4460-40a1-8d6a-3469f2b10f23/resourceGroups/TST-WEUR-TFLAB1/providers/Microsoft.Compute/sshPublicKeys/sshprimeinsect/generateKeyPair",
            "locks": null,
            "method": "POST",
            "output": "{\"privateKey\":\"-----BEGIN RSA PRIVATE KEY-----\\r\\nMIIG4wIBAAKCAYEAsy/K5OMQ7IRmjSxmLPMm5lVXwuq2j06XptehFwjAavuBq4is\\r\\n9pFo5fbnpGcfPCMvClQwKLhgBY1TbZXy4l8X8VoIlwHLdELFwExHdnUoTJ35Vber\\r\\n4tf15G9TRsX+v4bIbOoRvHdtMypOQHirmoYxwEPgppGXZkCmcrE2I+44SI02Rj6L\\r\\nXsExs4/ExLRTnDZAB6o0d0+MiItAvUJ7GCdmt5OoTYRfMYZhU44zH965B1nUcALQ\\r\\nQ2joE+k/wSNSmPBBpwhQvWTCR3TPQPGK1Te0ZwrXpI4l+cXAz/2zySgMVnY1nhHt\\r\\n+AIx9ulXIO6rTnzxRQlMIz1n5MpCoO+pXyNB68uq+nGCQm8DAiG4qf8+RsbIS3Rl\\r\\n6jeGl6FK6uHFeVfNZiB3VpN1R1p57qHYJmvz9rUdJ6g5nRca9HiKBHk1YUQuEwXh\\r\\n2FUksxiWdXE8SV7XD6ceofiM+pV1IkyHlAswsuJgX5JWsEocni2Jhx01ToUNaD8K\\r\\nZgTsFZv/Hxq2DKSxAgMBAAECggGBAINR/WJtvxN3nSjNZzx+Hv4jgaQKHC0+rgnK\\r\\ncfbNpSdCl6+9BPXXb4dJwk5MfSm3p1vsgzb0mPq4rnHbuRuKEaQCFdWFrTPRU9gw\\r\\njxcTmas9A2R8rW4cU8tMgz2VEbQP9YdMrB7xb4hV8u9xAGLJAmEj3dp1TP3VV6cq\\r\\nlMEUbw9M3n/winexItmz/cMjXTtYzuhPJxBhrl7Ln3CU7l2vUqorfucAojtLfryb\\r\\ntIAg3H20qepFRZiBo8Qj52OGnZwURu5lb3kXdKKdHd8FJG4i/1KRrYk+QllJqmn3\\r\\nE4S2FXsjGutTpW2hyzmEdXWiddAY1aQt5ZD98lk2xcxQc5nRgbSa42QOAjHaxW0G\\r\\nLZumsMVouDLmiJnbCrjiMzrybZhgM1DD7dqTfTc3ax9l1T6xIrU8LE9V1eP4DUKO\\r\\nqcsMT607pwmrhDC08107Zwa6qVGqmPH9szy3rP7+rFZWQWVc7hrkg41QIDp2ILNt\\r\\nAVfJwpy9vr6uI9qgiIW/aGATdl3AOQKBwQDGV0tDwvnXpRz5PcQrJnKQOssTQ01d\\r\\npbawBu7iGkYGIZL1PBx3FqE3+OrGlXkynnj5ycWYCXWuGUw04siwtClt2jOV0KWs\\r\\nNYLbsLItixXslfaKHAilpM2ACou9ZTbg6+5PHeWJuiaDO1ljqhHXgnEfUXBI7OWR\\r\\neHSrG9l87J4EVKtw2dlwdh6rfA2ahGyanDkKA+q1OHUp09BizHewhyYXaWlMiMlH\\r\\neDXp/WyN04i/5i6snGIHS8+niU0cct2zQ6cCgcEA50cE3Vys9HR/W0TEA4o1XoUW\\r\\nXq4EsP9TWbOEl4WJ7dQ8Px3wn74NpGMDWfRVbuK8PEM8kbq8GOa3MRlh3lhDtP+9\\r\\nekK+P8nEKX4Maf0wkhV1DBbXBjw++LZqxAH0EwipEgvnhnbf0txqPeQVCk1mBoB7\\r\\nJMyXSixFliAK/egagTyJvJWkaeltZhj/2iNLVkLlgT9azLOXIo1pwA0oyCkVG721\\r\\niZ70bLLB0peC2OLbLmmCQVFZ2uDKyJOriuF1x7/nAoHASJ8V083EJQ0zup6/AP2m\\r\\n3OBqEreF0FAov/MJ7IeqM/x/DoPf+Eq05QWjEOsR4VLdALi8PJraF9DzcjnHOcv9\\r\\nj1dho+0tfAxryXy9AKf4cxPFnXP+Rog9JjC2UbaJjXlVXGqZ7P/Xsh088Z0Hw1zj\\r\\nhpAPCOSUedsc/LnJvE/226cUztE1KFRXjnpxkK4EBehFikE84vW1EIeZuVMcT+ps\\r\\nLA5Qm9FJwX1mYDKGWLenTnw9gr4PtpQviCxhq5TzT/vpAoHAFLcJuoIIg8TDe3tH\\r\\nS0Hf0d19yXEwvmHAJ3Kq15+AYSr3UnfuC4DMXAL6U95MoKfyUDt9e1gMbPaNRfqO\\r\\nB4pEVjvpzr+XpsL9rPG7Tur8pLkDSNfq3oYa5dAA9BlwsRu/ePxT+nk/RvWzFmQN\\r\\ndmTEVKTBYuRoUJ5yhSXNljxp01WGyLtmhI4B3Hk0wWcT4mAPimoQSfF0AgZEiI0l\\r\\nL/huCZQOZIs2PV4teh1T/PUkyJ1uq0cME0y7HQgM/11+XSvVAoHAC643T3W9qc1J\\r\\niqNcwCBF8R9eaVu4y6roUuao8uhKaof7XxA8s8FMj4SRIrBvs6tuAG6RZEVlbWMk\\r\\nBbiw3TeL5h31zH5fpy8cknddPUhWRr2RyYFiBGnhc8iIUnEo2ttjwlgOHAq5yaQC\\r\\n96M+dDfvnAbHyfa8SFKs2B8ATnsEOi60Tz3XpDQiX9UG1lc5PKtxPTwFy3QQyeTK\\r\\nHISno4mxrXgh/DKnELBVFeG1cyqTu++4lEiWhG5KPDJKZq60JE7v\\r\\n-----END RSA PRIVATE KEY-----\\r\\n\",\"publicKey\":\"ssh-rsa AAAAB3NzaC1yc2EAAAADAQABAAABgQCzL8rk4xDshGaNLGYs8ybmVVfC6raPTpem16EXCMBq+4GriKz2kWjl9uekZx88Iy8KVDAouGAFjVNtlfLiXxfxWgiXAct0QsXATEd2dShMnflVt6vi1/Xkb1NGxf6/hshs6hG8d20zKk5AeKuahjHAQ+CmkZdmQKZysTYj7jhIjTZGPotewTGzj8TEtFOcNkAHqjR3T4yIi0C9QnsYJ2a3k6hNhF8xhmFTjjMf3rkHWdRwAtBDaOgT6T/BI1KY8EGnCFC9ZMJHdM9A8YrVN7RnCtekjiX5xcDP/bPJKAxWdjWeEe34AjH26Vcg7qtOfPFFCUwjPWfkykKg76lfI0Hry6r6cYJCbwMCIbip/z5GxshLdGXqN4aXoUrq4cV5V81mIHdWk3VHWnnuodgma/P2tR0nqDmdFxr0eIoEeTVhRC4TBeHYVSSzGJZ1cTxJXtcPpx6h+Iz6lXUiTIeUCzCy4mBfklawShyeLYmHHTVOhQ1oPwpmBOwVm/8fGrYMpLE= generated-by-azure\"}",
            "resource_id": "/subscriptions/dfc1c669-4460-40a1-8d6a-3469f2b10f23/resourceGroups/TST-WEUR-TFLAB1/providers/Microsoft.Compute/sshPublicKeys/sshprimeinsect",
            "response_export_values": [
              "publicKey",
              "privateKey"
            ],
            "timeouts": null,
            "type": "Microsoft.Compute/sshPublicKeys@2022-11-01",
            "when": "apply"
          },
          "sensitive_attributes": [],
          "private": "eyJlMmJmYjczMC1lY2FhLTExZTYtOGY4OC0zNDM2M2JjN2M0YzAiOnsiY3JlYXRlIjoxODAwMDAwMDAwMDAwLCJkZWxldGUiOjE4MDAwMDAwMDAwMDAsInJlYWQiOjMwMDAwMDAwMDAwMCwidXBkYXRlIjoxODAwMDAwMDAwMDAwfX0=",
          "dependencies": [
            "azapi_resource.ssh_public_key",
            "azurerm_resource_group.rg-01",
            "random_pet.ssh_key_name"
          ]
        }
      ]
    },
    {
      "mode": "managed",
      "type": "azurerm_dns_ns_record",
      "name": "dns-ns-child",
      "provider": "provider[\"registry.terraform.io/hashicorp/azurerm\"]",
      "instances": [
        {
          "schema_version": 0,
          "attributes": {
            "fqdn": "tf-lab01.365enespanol.com.",
            "id": "/subscriptions/dfc1c669-4460-40a1-8d6a-3469f2b10f23/resourceGroups/pro-weur-networking/providers/Microsoft.Network/dnszones/365enespanol.com/NS/tf-lab01",
            "name": "tf-lab01",
            "records": [
              "ns1-38.azure-dns.com.",
              "ns2-38.azure-dns.net.",
              "ns3-38.azure-dns.org.",
              "ns4-38.azure-dns.info."
            ],
            "resource_group_name": "pro-weur-networking",
            "tags": null,
            "timeouts": null,
            "ttl": 60,
            "zone_name": "365enespanol.com"
          },
          "sensitive_attributes": [],
          "private": "eyJlMmJmYjczMC1lY2FhLTExZTYtOGY4OC0zNDM2M2JjN2M0YzAiOnsiY3JlYXRlIjoxODAwMDAwMDAwMDAwLCJkZWxldGUiOjE4MDAwMDAwMDAwMDAsInJlYWQiOjMwMDAwMDAwMDAwMCwidXBkYXRlIjoxODAwMDAwMDAwMDAwfX0=",
          "dependencies": [
            "azurerm_dns_zone.dns-child-zone",
            "azurerm_dns_zone.dns-root-zone",
            "azurerm_resource_group.rg-01"
          ]
        }
      ]
    },
    {
      "mode": "managed",
      "type": "azurerm_dns_zone",
      "name": "dns-child-zone",
      "provider": "provider[\"registry.terraform.io/hashicorp/azurerm\"]",
      "instances": [
        {
          "schema_version": 1,
          "attributes": {
            "id": "/subscriptions/dfc1c669-4460-40a1-8d6a-3469f2b10f23/resourceGroups/TST-WEUR-TFLAB1/providers/Microsoft.Network/dnszones/tf-lab01.365enespanol.com",
            "max_number_of_record_sets": 10000,
            "name": "tf-lab01.365enespanol.com",
            "name_servers": [
              "ns1-38.azure-dns.com.",
              "ns2-38.azure-dns.net.",
              "ns3-38.azure-dns.org.",
              "ns4-38.azure-dns.info."
            ],
            "number_of_record_sets": 2,
            "resource_group_name": "TST-WEUR-TFLAB1",
            "soa_record": [
              {
                "email": "azuredns-hostmaster.microsoft.com",
                "expire_time": 2419200,
                "fqdn": "tf-lab01.365enespanol.com.",
                "host_name": "ns1-38.azure-dns.com.",
                "minimum_ttl": 300,
                "refresh_time": 3600,
                "retry_time": 300,
                "serial_number": 1,
                "tags": {},
                "ttl": 3600
              }
            ],
            "tags": {
              "BillingCode": "201219DN",
              "Company": "DordoLabs",
              "Environment": "TST",
              "Project": "DordoLabs-lab01"
            },
            "timeouts": null
          },
          "sensitive_attributes": [],
          "private": "eyJlMmJmYjczMC1lY2FhLTExZTYtOGY4OC0zNDM2M2JjN2M0YzAiOnsiY3JlYXRlIjoxODAwMDAwMDAwMDAwLCJkZWxldGUiOjE4MDAwMDAwMDAwMDAsInJlYWQiOjMwMDAwMDAwMDAwMCwidXBkYXRlIjoxODAwMDAwMDAwMDAwfSwic2NoZW1hX3ZlcnNpb24iOiIxIn0=",
          "dependencies": [
            "azurerm_dns_zone.dns-root-zone",
            "azurerm_resource_group.rg-01"
          ]
        }
      ]
    },
    {
      "mode": "managed",
      "type": "azurerm_dns_zone",
      "name": "dns-root-zone",
      "provider": "provider[\"registry.terraform.io/hashicorp/azurerm\"]",
      "instances": [
        {
          "schema_version": 1,
          "attributes": {
            "id": "/subscriptions/dfc1c669-4460-40a1-8d6a-3469f2b10f23/resourceGroups/pro-weur-networking/providers/Microsoft.Network/dnszones/365enespanol.com",
            "max_number_of_record_sets": 10000,
            "name": "365enespanol.com",
            "name_servers": [
              "ns1-35.azure-dns.com.",
              "ns2-35.azure-dns.net.",
              "ns3-35.azure-dns.org.",
              "ns4-35.azure-dns.info."
            ],
            "number_of_record_sets": 4,
            "resource_group_name": "pro-weur-networking",
            "soa_record": [
              {
                "email": "azuredns-hostmaster.microsoft.com",
                "expire_time": 2419200,
                "fqdn": "365enespanol.com.",
                "host_name": "ns1-35.azure-dns.com.",
                "minimum_ttl": 300,
                "refresh_time": 3600,
                "retry_time": 300,
                "serial_number": 1,
                "tags": {},
                "ttl": 3600
              }
            ],
            "tags": {},
            "timeouts": {
              "create": null,
              "delete": null,
              "read": null,
              "update": null
            }
          },
          "sensitive_attributes": [],
          "private": "eyJlMmJmYjczMC1lY2FhLTExZTYtOGY4OC0zNDM2M2JjN2M0YzAiOnsiY3JlYXRlIjoxODAwMDAwMDAwMDAwLCJkZWxldGUiOjE4MDAwMDAwMDAwMDAsInJlYWQiOjMwMDAwMDAwMDAwMCwidXBkYXRlIjoxODAwMDAwMDAwMDAwfSwic2NoZW1hX3ZlcnNpb24iOiIxIn0="
        }
      ]
    },
    {
      "mode": "managed",
      "type": "azurerm_linux_virtual_machine",
      "name": "lab01-vmLinux",
      "provider": "provider[\"registry.terraform.io/hashicorp/azurerm\"]",
      "instances": [
        {
          "schema_version": 0,
          "attributes": {
            "additional_capabilities": [],
            "admin_password": null,
            "admin_ssh_key": [
              {
                "public_key": "ssh-rsa AAAAB3NzaC1yc2EAAAADAQABAAABgQCzL8rk4xDshGaNLGYs8ybmVVfC6raPTpem16EXCMBq+4GriKz2kWjl9uekZx88Iy8KVDAouGAFjVNtlfLiXxfxWgiXAct0QsXATEd2dShMnflVt6vi1/Xkb1NGxf6/hshs6hG8d20zKk5AeKuahjHAQ+CmkZdmQKZysTYj7jhIjTZGPotewTGzj8TEtFOcNkAHqjR3T4yIi0C9QnsYJ2a3k6hNhF8xhmFTjjMf3rkHWdRwAtBDaOgT6T/BI1KY8EGnCFC9ZMJHdM9A8YrVN7RnCtekjiX5xcDP/bPJKAxWdjWeEe34AjH26Vcg7qtOfPFFCUwjPWfkykKg76lfI0Hry6r6cYJCbwMCIbip/z5GxshLdGXqN4aXoUrq4cV5V81mIHdWk3VHWnnuodgma/P2tR0nqDmdFxr0eIoEeTVhRC4TBeHYVSSzGJZ1cTxJXtcPpx6h+Iz6lXUiTIeUCzCy4mBfklawShyeLYmHHTVOhQ1oPwpmBOwVm/8fGrYMpLE= generated-by-azure",
                "username": "dordolnx01"
              }
            ],
            "admin_username": "dordolnx01",
            "allow_extension_operations": true,
            "availability_set_id": "",
            "boot_diagnostics": [
              {
                "storage_account_uri": "https://tstweurstgboot.blob.core.windows.net/"
              }
            ],
            "computer_name": "TSTWEURLNX01",
            "custom_data": "IyEvYmluL2Jhc2gNCg0Kc3VkbyBhcHQtZ2V0IC15IHVwZGF0ZQ0Kc3VkbyBhcHQtZ2V0IC15IGluc3RhbGwgbmdpbngNCmVjaG8gJ0hlbGxvIFdvcmxkIC0gWW91IGdvdCBpdCwgeW91IGp1c3QgZmluaXNoIHlvdXIgVGVycmFmb3JtIGxhYjAxJyB8IHN1ZG8gdGVlIC92YXIvd3d3L2h0bWwvaW5kZXguaHRtbA0Kc3VkbyBzZXJ2aWNlIG5naW54IHN0YXJ0",
            "dedicated_host_group_id": "",
            "dedicated_host_id": "",
            "disable_password_authentication": true,
            "edge_zone": "",
            "encryption_at_host_enabled": false,
            "eviction_policy": "",
            "extensions_time_budget": "PT1H30M",
            "id": "/subscriptions/dfc1c669-4460-40a1-8d6a-3469f2b10f23/resourceGroups/TST-WEUR-TFLAB1/providers/Microsoft.Compute/virtualMachines/TST-WEUR-VMLinux01",
            "identity": [],
            "license_type": "",
            "location": "westeurope",
            "max_bid_price": -1,
            "name": "TST-WEUR-VMLinux01",
            "network_interface_ids": [
              "/subscriptions/dfc1c669-4460-40a1-8d6a-3469f2b10f23/resourceGroups/TST-WEUR-TFLAB1/providers/Microsoft.Network/networkInterfaces/TST-WEUR-NIC01"
            ],
            "os_disk": [
              {
                "caching": "ReadWrite",
                "diff_disk_settings": [],
                "disk_encryption_set_id": "",
                "disk_size_gb": 30,
                "name": "DiskVm-linux01",
                "storage_account_type": "Premium_LRS",
                "write_accelerator_enabled": false
              }
            ],
            "patch_mode": "ImageDefault",
            "plan": [],
            "platform_fault_domain": -1,
            "priority": "Regular",
            "private_ip_address": "10.0.0.4",
            "private_ip_addresses": [
              "10.0.0.4"
            ],
            "provision_vm_agent": true,
            "proximity_placement_group_id": "",
            "public_ip_address": "51.136.161.195",
            "public_ip_addresses": [
              "51.136.161.195"
            ],
            "resource_group_name": "TST-WEUR-TFLAB1",
            "secret": [],
            "secure_boot_enabled": false,
            "size": "Standard_B2ts_v2",
            "source_image_id": "",
            "source_image_reference": [
              {
                "offer": "0001-com-ubuntu-server-jammy",
                "publisher": "Canonical",
                "sku": "22_04-lts-gen2",
                "version": "latest"
              }
            ],
            "tags": {
              "BillingCode": "201219DN",
              "Company": "DordoLabs",
              "Environment": "TST",
              "Project": "DordoLabs-lab01"
            },
            "termination_notification": [],
            "timeouts": null,
            "user_data": "",
            "virtual_machine_id": "387c8123-5cc7-47a8-a13d-f1757f8ffd73",
            "virtual_machine_scale_set_id": "",
            "vtpm_enabled": false,
            "zone": ""
          },
          "sensitive_attributes": [],
          "private": "eyJlMmJmYjczMC1lY2FhLTExZTYtOGY4OC0zNDM2M2JjN2M0YzAiOnsiY3JlYXRlIjoyNzAwMDAwMDAwMDAwLCJkZWxldGUiOjI3MDAwMDAwMDAwMDAsInJlYWQiOjMwMDAwMDAwMDAwMCwidXBkYXRlIjoyNzAwMDAwMDAwMDAwfX0=",
          "dependencies": [
            "azapi_resource.ssh_public_key",
            "azapi_resource_action.ssh_public_key_gen",
            "azurerm_network_interface.lab01-nic",
            "azurerm_public_ip.lab01-PubIP",
            "azurerm_resource_group.rg-01",
            "azurerm_storage_account.stg-bootDiagnostics-vmLinux",
            "azurerm_subnet.lab01-subnet",
            "azurerm_virtual_network.lab01-vnet",
            "random_pet.ssh_key_name"
          ]
        }
      ]
    },
    {
      "mode": "managed",
      "type": "azurerm_network_interface",
      "name": "lab01-nic",
      "provider": "provider[\"registry.terraform.io/hashicorp/azurerm\"]",
      "instances": [
        {
          "schema_version": 0,
          "attributes": {
            "applied_dns_servers": [],
            "dns_servers": [],
            "edge_zone": "",
            "enable_accelerated_networking": false,
            "enable_ip_forwarding": false,
            "id": "/subscriptions/dfc1c669-4460-40a1-8d6a-3469f2b10f23/resourceGroups/TST-WEUR-TFLAB1/providers/Microsoft.Network/networkInterfaces/TST-WEUR-NIC01",
            "internal_dns_name_label": "",
            "internal_domain_name_suffix": "gsjwduxjc40elny0qrw4ig23qa.ax.internal.cloudapp.net",
            "ip_configuration": [
              {
                "gateway_load_balancer_frontend_ip_configuration_id": "",
                "name": "nic-config",
                "primary": true,
                "private_ip_address": "10.0.0.4",
                "private_ip_address_allocation": "Dynamic",
                "private_ip_address_version": "IPv4",
                "public_ip_address_id": "/subscriptions/dfc1c669-4460-40a1-8d6a-3469f2b10f23/resourceGroups/TST-WEUR-TFLAB1/providers/Microsoft.Network/publicIPAddresses/TST-WEUR-PUBIP01",
                "subnet_id": "/subscriptions/dfc1c669-4460-40a1-8d6a-3469f2b10f23/resourceGroups/TST-WEUR-TFLAB1/providers/Microsoft.Network/virtualNetworks/TST-WEUR-VNET01/subnets/TST-WEUR-SUBNET01"
              }
            ],
            "location": "westeurope",
            "mac_address": "00-0D-3A-2A-6B-F4",
            "name": "TST-WEUR-NIC01",
            "private_ip_address": "10.0.0.4",
            "private_ip_addresses": [
              "10.0.0.4"
            ],
            "resource_group_name": "TST-WEUR-TFLAB1",
            "tags": {
              "BillingCode": "201219DN",
              "Company": "DordoLabs",
              "Environment": "TST",
              "Project": "DordoLabs-lab01"
            },
            "timeouts": null,
            "virtual_machine_id": "/subscriptions/dfc1c669-4460-40a1-8d6a-3469f2b10f23/resourceGroups/TST-WEUR-TFLAB1/providers/Microsoft.Compute/virtualMachines/TST-WEUR-VMLinux01"
          },
          "sensitive_attributes": [],
          "private": "eyJlMmJmYjczMC1lY2FhLTExZTYtOGY4OC0zNDM2M2JjN2M0YzAiOnsiY3JlYXRlIjoxODAwMDAwMDAwMDAwLCJkZWxldGUiOjE4MDAwMDAwMDAwMDAsInJlYWQiOjMwMDAwMDAwMDAwMCwidXBkYXRlIjoxODAwMDAwMDAwMDAwfX0=",
          "dependencies": [
            "azurerm_public_ip.lab01-PubIP",
            "azurerm_resource_group.rg-01",
            "azurerm_subnet.lab01-subnet",
            "azurerm_virtual_network.lab01-vnet"
          ]
        }
      ]
    },
    {
      "mode": "managed",
      "type": "azurerm_network_interface_security_group_association",
      "name": "lab01-nsgnic-assoc",
      "provider": "provider[\"registry.terraform.io/hashicorp/azurerm\"]",
      "instances": [
        {
          "schema_version": 0,
          "attributes": {
            "id": "/subscriptions/dfc1c669-4460-40a1-8d6a-3469f2b10f23/resourceGroups/TST-WEUR-TFLAB1/providers/Microsoft.Network/networkInterfaces/TST-WEUR-NIC01|/subscriptions/dfc1c669-4460-40a1-8d6a-3469f2b10f23/resourceGroups/TST-WEUR-TFLAB1/providers/Microsoft.Network/networkSecurityGroups/lab01NetworkSecurityGroup",
            "network_interface_id": "/subscriptions/dfc1c669-4460-40a1-8d6a-3469f2b10f23/resourceGroups/TST-WEUR-TFLAB1/providers/Microsoft.Network/networkInterfaces/TST-WEUR-NIC01",
            "network_security_group_id": "/subscriptions/dfc1c669-4460-40a1-8d6a-3469f2b10f23/resourceGroups/TST-WEUR-TFLAB1/providers/Microsoft.Network/networkSecurityGroups/lab01NetworkSecurityGroup",
            "timeouts": null
          },
          "sensitive_attributes": [],
          "private": "eyJlMmJmYjczMC1lY2FhLTExZTYtOGY4OC0zNDM2M2JjN2M0YzAiOnsiY3JlYXRlIjoxODAwMDAwMDAwMDAwLCJkZWxldGUiOjE4MDAwMDAwMDAwMDAsInJlYWQiOjMwMDAwMDAwMDAwMCwidXBkYXRlIjoxODAwMDAwMDAwMDAwfX0=",
          "dependencies": [
            "azurerm_network_interface.lab01-nic",
            "azurerm_network_security_group.lab01-nsg-nic",
            "azurerm_public_ip.lab01-PubIP",
            "azurerm_resource_group.rg-01",
            "azurerm_subnet.lab01-subnet",
            "azurerm_virtual_network.lab01-vnet"
          ]
        }
      ]
    },
    {
      "mode": "managed",
      "type": "azurerm_network_security_group",
      "name": "lab01-nsg-nic",
      "provider": "provider[\"registry.terraform.io/hashicorp/azurerm\"]",
      "instances": [
        {
          "schema_version": 0,
          "attributes": {
            "id": "/subscriptions/dfc1c669-4460-40a1-8d6a-3469f2b10f23/resourceGroups/TST-WEUR-TFLAB1/providers/Microsoft.Network/networkSecurityGroups/lab01NetworkSecurityGroup",
            "location": "westeurope",
            "name": "lab01NetworkSecurityGroup",
            "resource_group_name": "TST-WEUR-TFLAB1",
            "security_rule": [
              {
                "access": "Allow",
                "description": "",
                "destination_address_prefix": "*",
                "destination_address_prefixes": [],
                "destination_application_security_group_ids": [],
                "destination_port_range": "22",
                "destination_port_ranges": [],
                "direction": "Inbound",
                "name": "SSH",
                "priority": 1001,
                "protocol": "Tcp",
                "source_address_prefix": "*",
                "source_address_prefixes": [],
                "source_application_security_group_ids": [],
                "source_port_range": "*",
                "source_port_ranges": []
              },
              {
                "access": "Allow",
                "description": "",
                "destination_address_prefix": "*",
                "destination_address_prefixes": [],
                "destination_application_security_group_ids": [],
                "destination_port_range": "80",
                "destination_port_ranges": [],
                "direction": "Inbound",
                "name": "HTTP",
                "priority": 1002,
                "protocol": "Tcp",
                "source_address_prefix": "*",
                "source_address_prefixes": [],
                "source_application_security_group_ids": [],
                "source_port_range": "*",
                "source_port_ranges": []
              }
            ],
            "tags": {
              "BillingCode": "201219DN",
              "Company": "DordoLabs",
              "Environment": "TST",
              "Project": "DordoLabs-lab01"
            },
            "timeouts": null
          },
          "sensitive_attributes": [],
          "private": "eyJlMmJmYjczMC1lY2FhLTExZTYtOGY4OC0zNDM2M2JjN2M0YzAiOnsiY3JlYXRlIjoxODAwMDAwMDAwMDAwLCJkZWxldGUiOjE4MDAwMDAwMDAwMDAsInJlYWQiOjMwMDAwMDAwMDAwMCwidXBkYXRlIjoxODAwMDAwMDAwMDAwfX0=",
          "dependencies": [
            "azurerm_resource_group.rg-01"
          ]
        }
      ]
    },
    {
      "mode": "managed",
      "type": "azurerm_network_security_rule",
      "name": "nsg-rule-http",
      "provider": "provider[\"registry.terraform.io/hashicorp/azurerm\"]",
      "instances": [
        {
          "schema_version": 0,
          "attributes": {
            "access": "Allow",
            "description": "",
            "destination_address_prefix": "*",
            "destination_address_prefixes": [],
            "destination_application_security_group_ids": [],
            "destination_port_range": "80",
            "destination_port_ranges": [],
            "direction": "Inbound",
            "id": "/subscriptions/dfc1c669-4460-40a1-8d6a-3469f2b10f23/resourceGroups/TST-WEUR-TFLAB1/providers/Microsoft.Network/networkSecurityGroups/lab01NetworkSecurityGroup/securityRules/HTTP",
            "name": "HTTP",
            "network_security_group_name": "lab01NetworkSecurityGroup",
            "priority": 1002,
            "protocol": "Tcp",
            "resource_group_name": "TST-WEUR-TFLAB1",
            "source_address_prefix": "*",
            "source_address_prefixes": [],
            "source_application_security_group_ids": [],
            "source_port_range": "*",
            "source_port_ranges": [],
            "timeouts": null
          },
          "sensitive_attributes": [],
          "private": "eyJlMmJmYjczMC1lY2FhLTExZTYtOGY4OC0zNDM2M2JjN2M0YzAiOnsiY3JlYXRlIjoxODAwMDAwMDAwMDAwLCJkZWxldGUiOjE4MDAwMDAwMDAwMDAsInJlYWQiOjMwMDAwMDAwMDAwMCwidXBkYXRlIjoxODAwMDAwMDAwMDAwfX0=",
          "dependencies": [
            "azurerm_network_security_group.lab01-nsg-nic",
            "azurerm_resource_group.rg-01"
          ]
        }
      ]
    },
    {
      "mode": "managed",
      "type": "azurerm_network_security_rule",
      "name": "nsg-rule-ssh",
      "provider": "provider[\"registry.terraform.io/hashicorp/azurerm\"]",
      "instances": [
        {
          "schema_version": 0,
          "attributes": {
            "access": "Allow",
            "description": "",
            "destination_address_prefix": "*",
            "destination_address_prefixes": [],
            "destination_application_security_group_ids": [],
            "destination_port_range": "22",
            "destination_port_ranges": [],
            "direction": "Inbound",
            "id": "/subscriptions/dfc1c669-4460-40a1-8d6a-3469f2b10f23/resourceGroups/TST-WEUR-TFLAB1/providers/Microsoft.Network/networkSecurityGroups/lab01NetworkSecurityGroup/securityRules/SSH",
            "name": "SSH",
            "network_security_group_name": "lab01NetworkSecurityGroup",
            "priority": 1001,
            "protocol": "Tcp",
            "resource_group_name": "TST-WEUR-TFLAB1",
            "source_address_prefix": "*",
            "source_address_prefixes": [],
            "source_application_security_group_ids": [],
            "source_port_range": "*",
            "source_port_ranges": [],
            "timeouts": null
          },
          "sensitive_attributes": [],
          "private": "eyJlMmJmYjczMC1lY2FhLTExZTYtOGY4OC0zNDM2M2JjN2M0YzAiOnsiY3JlYXRlIjoxODAwMDAwMDAwMDAwLCJkZWxldGUiOjE4MDAwMDAwMDAwMDAsInJlYWQiOjMwMDAwMDAwMDAwMCwidXBkYXRlIjoxODAwMDAwMDAwMDAwfX0=",
          "dependencies": [
            "azurerm_network_security_group.lab01-nsg-nic",
            "azurerm_resource_group.rg-01"
          ]
        }
      ]
    },
    {
      "mode": "managed",
      "type": "azurerm_public_ip",
      "name": "lab01-PubIP",
      "provider": "provider[\"registry.terraform.io/hashicorp/azurerm\"]",
      "instances": [
        {
          "schema_version": 0,
          "attributes": {
            "allocation_method": "Dynamic",
            "domain_name_label": null,
            "edge_zone": "",
            "fqdn": null,
            "id": "/subscriptions/dfc1c669-4460-40a1-8d6a-3469f2b10f23/resourceGroups/TST-WEUR-TFLAB1/providers/Microsoft.Network/publicIPAddresses/TST-WEUR-PUBIP01",
            "idle_timeout_in_minutes": 4,
            "ip_address": "51.136.161.195",
            "ip_tags": {},
            "ip_version": "IPv4",
            "location": "westeurope",
            "name": "TST-WEUR-PUBIP01",
            "public_ip_prefix_id": null,
            "resource_group_name": "TST-WEUR-TFLAB1",
            "reverse_fqdn": null,
            "sku": "Basic",
            "sku_tier": "Regional",
            "tags": {
              "BillingCode": "201219DN",
              "Company": "DordoLabs",
              "Environment": "TST",
              "Project": "DordoLabs-lab01"
            },
            "timeouts": null,
            "zones": []
          },
          "sensitive_attributes": [],
          "private": "eyJlMmJmYjczMC1lY2FhLTExZTYtOGY4OC0zNDM2M2JjN2M0YzAiOnsiY3JlYXRlIjoxODAwMDAwMDAwMDAwLCJkZWxldGUiOjE4MDAwMDAwMDAwMDAsInJlYWQiOjMwMDAwMDAwMDAwMCwidXBkYXRlIjoxODAwMDAwMDAwMDAwfX0=",
          "dependencies": [
            "azurerm_resource_group.rg-01"
          ]
        }
      ]
    },
    {
      "mode": "managed",
      "type": "azurerm_resource_group",
      "name": "rg-01",
      "provider": "provider[\"registry.terraform.io/hashicorp/azurerm\"]",
      "instances": [
        {
          "schema_version": 0,
          "attributes": {
            "id": "/subscriptions/dfc1c669-4460-40a1-8d6a-3469f2b10f23/resourceGroups/TST-WEUR-TFLAB1",
            "location": "westeurope",
            "name": "TST-WEUR-TFLAB1",
            "tags": {
              "BillingCode": "201219DN",
              "Company": "DordoLabs",
              "Environment": "TST",
              "Project": "DordoLabs-lab01"
            },
            "timeouts": null
          },
          "sensitive_attributes": [],
          "private": "eyJlMmJmYjczMC1lY2FhLTExZTYtOGY4OC0zNDM2M2JjN2M0YzAiOnsiY3JlYXRlIjo1NDAwMDAwMDAwMDAwLCJkZWxldGUiOjU0MDAwMDAwMDAwMDAsInJlYWQiOjMwMDAwMDAwMDAwMCwidXBkYXRlIjo1NDAwMDAwMDAwMDAwfX0="
        }
      ]
    },
    {
      "mode": "managed",
      "type": "azurerm_storage_account",
      "name": "stg-bootDiagnostics-vmLinux",
      "provider": "provider[\"registry.terraform.io/hashicorp/azurerm\"]",
      "instances": [
        {
          "schema_version": 3,
          "attributes": {
            "access_tier": "Hot",
            "account_kind": "StorageV2",
            "account_replication_type": "LRS",
            "account_tier": "Standard",
            "allow_nested_items_to_be_public": true,
            "azure_files_authentication": [],
            "blob_properties": [
              {
                "change_feed_enabled": false,
                "container_delete_retention_policy": [],
                "cors_rule": [],
                "default_service_version": "",
                "delete_retention_policy": [],
                "last_access_time_enabled": false,
                "versioning_enabled": false
              }
            ],
            "custom_domain": [],
            "customer_managed_key": [],
            "edge_zone": "",
            "enable_https_traffic_only": true,
            "id": "/subscriptions/dfc1c669-4460-40a1-8d6a-3469f2b10f23/resourceGroups/TST-WEUR-TFLAB1/providers/Microsoft.Storage/storageAccounts/tstweurstgboot",
            "identity": [],
            "infrastructure_encryption_enabled": false,
            "is_hns_enabled": false,
            "large_file_share_enabled": null,
            "location": "westeurope",
            "min_tls_version": "TLS1_2",
            "name": "tstweurstgboot",
            "network_rules": [
              {
                "bypass": [
                  "AzureServices"
                ],
                "default_action": "Allow",
                "ip_rules": [],
                "private_link_access": [],
                "virtual_network_subnet_ids": []
              }
            ],
            "nfsv3_enabled": false,
            "primary_access_key": "bJwgBYWcQr0mQYdpeOZ2MCFYH5os2aHOJSKjHoBKKuYZIBQ4IAJmJt1dX1p9gK5H0kO+UGH/uE1W+AStZn5UOw==",
            "primary_blob_connection_string": "DefaultEndpointsProtocol=https;BlobEndpoint=https://tstweurstgboot.blob.core.windows.net/;AccountName=tstweurstgboot;AccountKey=bJwgBYWcQr0mQYdpeOZ2MCFYH5os2aHOJSKjHoBKKuYZIBQ4IAJmJt1dX1p9gK5H0kO+UGH/uE1W+AStZn5UOw==",
            "primary_blob_endpoint": "https://tstweurstgboot.blob.core.windows.net/",
            "primary_blob_host": "tstweurstgboot.blob.core.windows.net",
            "primary_connection_string": "DefaultEndpointsProtocol=https;AccountName=tstweurstgboot;AccountKey=bJwgBYWcQr0mQYdpeOZ2MCFYH5os2aHOJSKjHoBKKuYZIBQ4IAJmJt1dX1p9gK5H0kO+UGH/uE1W+AStZn5UOw==;EndpointSuffix=core.windows.net",
            "primary_dfs_endpoint": "https://tstweurstgboot.dfs.core.windows.net/",
            "primary_dfs_host": "tstweurstgboot.dfs.core.windows.net",
            "primary_file_endpoint": "https://tstweurstgboot.file.core.windows.net/",
            "primary_file_host": "tstweurstgboot.file.core.windows.net",
            "primary_location": "westeurope",
            "primary_queue_endpoint": "https://tstweurstgboot.queue.core.windows.net/",
            "primary_queue_host": "tstweurstgboot.queue.core.windows.net",
            "primary_table_endpoint": "https://tstweurstgboot.table.core.windows.net/",
            "primary_table_host": "tstweurstgboot.table.core.windows.net",
            "primary_web_endpoint": "https://tstweurstgboot.z6.web.core.windows.net/",
            "primary_web_host": "tstweurstgboot.z6.web.core.windows.net",
            "queue_encryption_key_type": "Service",
            "queue_properties": [
              {
                "cors_rule": [],
                "hour_metrics": [
                  {
                    "enabled": true,
                    "include_apis": true,
                    "retention_policy_days": 7,
                    "version": "1.0"
                  }
                ],
                "logging": [
                  {
                    "delete": false,
                    "read": false,
                    "retention_policy_days": 0,
                    "version": "1.0",
                    "write": false
                  }
                ],
                "minute_metrics": [
                  {
                    "enabled": false,
                    "include_apis": false,
                    "retention_policy_days": 0,
                    "version": "1.0"
                  }
                ]
              }
            ],
            "resource_group_name": "TST-WEUR-TFLAB1",
            "routing": [],
            "secondary_access_key": "Eg+wwX2LdK1SuWoRt7/pSJPh/vbRdlGB2xL/aQWqsE0+CJy7hGuvmNAl1sO/CUgtAKf2TCmWgQyP+AStKkm4pw==",
            "secondary_blob_connection_string": "",
            "secondary_blob_endpoint": null,
            "secondary_blob_host": null,
            "secondary_connection_string": "DefaultEndpointsProtocol=https;AccountName=tstweurstgboot;AccountKey=Eg+wwX2LdK1SuWoRt7/pSJPh/vbRdlGB2xL/aQWqsE0+CJy7hGuvmNAl1sO/CUgtAKf2TCmWgQyP+AStKkm4pw==;EndpointSuffix=core.windows.net",
            "secondary_dfs_endpoint": null,
            "secondary_dfs_host": null,
            "secondary_file_endpoint": null,
            "secondary_file_host": null,
            "secondary_location": "",
            "secondary_queue_endpoint": null,
            "secondary_queue_host": null,
            "secondary_table_endpoint": null,
            "secondary_table_host": null,
            "secondary_web_endpoint": null,
            "secondary_web_host": null,
            "share_properties": [
              {
                "cors_rule": [],
                "retention_policy": [
                  {
                    "days": 7
                  }
                ],
                "smb": []
              }
            ],
            "shared_access_key_enabled": true,
            "static_website": [],
            "table_encryption_key_type": "Service",
            "tags": {
              "BillingCode": "201219DN",
              "Company": "DordoLabs",
              "Environment": "TST",
              "Project": "DordoLabs-lab01"
            },
            "timeouts": null
          },
          "sensitive_attributes": [],
          "private": "eyJlMmJmYjczMC1lY2FhLTExZTYtOGY4OC0zNDM2M2JjN2M0YzAiOnsiY3JlYXRlIjozNjAwMDAwMDAwMDAwLCJkZWxldGUiOjM2MDAwMDAwMDAwMDAsInJlYWQiOjMwMDAwMDAwMDAwMCwidXBkYXRlIjozNjAwMDAwMDAwMDAwfSwic2NoZW1hX3ZlcnNpb24iOiIzIn0=",
          "dependencies": [
            "azurerm_resource_group.rg-01"
          ]
        }
      ]
    },
    {
      "mode": "managed",
      "type": "azurerm_subnet",
      "name": "lab01-subnet",
      "provider": "provider[\"registry.terraform.io/hashicorp/azurerm\"]",
      "instances": [
        {
          "schema_version": 0,
          "attributes": {
            "address_prefixes": [
              "10.0.0.0/27"
            ],
            "delegation": [],
            "enforce_private_link_endpoint_network_policies": false,
            "enforce_private_link_service_network_policies": false,
            "id": "/subscriptions/dfc1c669-4460-40a1-8d6a-3469f2b10f23/resourceGroups/TST-WEUR-TFLAB1/providers/Microsoft.Network/virtualNetworks/TST-WEUR-VNET01/subnets/TST-WEUR-SUBNET01",
            "name": "TST-WEUR-SUBNET01",
            "resource_group_name": "TST-WEUR-TFLAB1",
            "service_endpoint_policy_ids": [],
            "service_endpoints": [],
            "timeouts": null,
            "virtual_network_name": "TST-WEUR-VNET01"
          },
          "sensitive_attributes": [],
          "private": "eyJlMmJmYjczMC1lY2FhLTExZTYtOGY4OC0zNDM2M2JjN2M0YzAiOnsiY3JlYXRlIjoxODAwMDAwMDAwMDAwLCJkZWxldGUiOjE4MDAwMDAwMDAwMDAsInJlYWQiOjMwMDAwMDAwMDAwMCwidXBkYXRlIjoxODAwMDAwMDAwMDAwfX0=",
          "dependencies": [
            "azurerm_resource_group.rg-01",
            "azurerm_virtual_network.lab01-vnet"
          ]
        }
      ]
    },
    {
      "mode": "managed",
      "type": "azurerm_virtual_network",
      "name": "lab01-vnet",
      "provider": "provider[\"registry.terraform.io/hashicorp/azurerm\"]",
      "instances": [
        {
          "schema_version": 0,
          "attributes": {
            "address_space": [
              "10.0.0.0/26"
            ],
            "bgp_community": "",
            "ddos_protection_plan": [],
            "dns_servers": [],
            "edge_zone": "",
            "flow_timeout_in_minutes": 0,
            "guid": "d2619334-17e9-45b4-b71a-846de41b9d80",
            "id": "/subscriptions/dfc1c669-4460-40a1-8d6a-3469f2b10f23/resourceGroups/TST-WEUR-TFLAB1/providers/Microsoft.Network/virtualNetworks/TST-WEUR-VNET01",
            "location": "westeurope",
            "name": "TST-WEUR-VNET01",
            "resource_group_name": "TST-WEUR-TFLAB1",
            "subnet": [
              {
                "address_prefix": "10.0.0.0/27",
                "id": "/subscriptions/dfc1c669-4460-40a1-8d6a-3469f2b10f23/resourceGroups/TST-WEUR-TFLAB1/providers/Microsoft.Network/virtualNetworks/TST-WEUR-VNET01/subnets/TST-WEUR-SUBNET01",
                "name": "TST-WEUR-SUBNET01",
                "security_group": ""
              }
            ],
            "tags": {
              "BillingCode": "201219DN",
              "Company": "DordoLabs",
              "Environment": "TST",
              "Project": "DordoLabs-lab01"
            },
            "timeouts": null
          },
          "sensitive_attributes": [],
          "private": "eyJlMmJmYjczMC1lY2FhLTExZTYtOGY4OC0zNDM2M2JjN2M0YzAiOnsiY3JlYXRlIjoxODAwMDAwMDAwMDAwLCJkZWxldGUiOjE4MDAwMDAwMDAwMDAsInJlYWQiOjMwMDAwMDAwMDAwMCwidXBkYXRlIjoxODAwMDAwMDAwMDAwfX0=",
          "dependencies": [
            "azurerm_resource_group.rg-01"
          ]
        }
      ]
    },
    {
      "mode": "managed",
      "type": "random_pet",
      "name": "ssh_key_name",
      "provider": "provider[\"registry.terraform.io/hashicorp/random\"]",
      "instances": [
        {
          "schema_version": 0,
          "attributes": {
            "id": "sshprimeinsect",
            "keepers": null,
            "length": 2,
            "prefix": "ssh",
            "separator": ""
          },
          "sensitive_attributes": []
        }
      ]
    }
  ],
  "check_results": null
}
