{
  "version": 4,
  "terraform_version": "1.6.6",
  "serial": 35,
  "lineage": "5271320d-e55b-6066-2ebc-fe48d5bc0928",
  "outputs": {},
  "resources": [
    {
      "mode": "managed",
      "type": "azurerm_network_interface",
      "name": "lab01-nic",
      "provider": "provider[\"registry.terraform.io/hashicorp/azurerm\"]",
      "instances": [
        {
          "schema_version": 0,
          "attributes": {
            "applied_dns_servers": [],
            "dns_servers": [],
            "edge_zone": "",
            "enable_accelerated_networking": false,
            "enable_ip_forwarding": false,
            "id": "/subscriptions/dfc1c669-4460-40a1-8d6a-3469f2b10f23/resourceGroups/TST-WEUR-TFLAB1/providers/Microsoft.Network/networkInterfaces/TST-WEUR-NIC01",
            "internal_dns_name_label": "",
            "internal_domain_name_suffix": "wn3mxwcw5dzetcwtywfmhrzklg.ax.internal.cloudapp.net",
            "ip_configuration": [
              {
                "gateway_load_balancer_frontend_ip_configuration_id": "",
                "name": "nic-config",
                "primary": true,
                "private_ip_address": "10.0.0.4",
                "private_ip_address_allocation": "Dynamic",
                "private_ip_address_version": "IPv4",
                "public_ip_address_id": "/subscriptions/dfc1c669-4460-40a1-8d6a-3469f2b10f23/resourceGroups/TST-WEUR-TFLAB1/providers/Microsoft.Network/publicIPAddresses/TST-WEUR-PUBIP01",
                "subnet_id": "/subscriptions/dfc1c669-4460-40a1-8d6a-3469f2b10f23/resourceGroups/TST-WEUR-TFLAB1/providers/Microsoft.Network/virtualNetworks/TST-WEUR-VNET01/subnets/TST-WEUR-SUBNET01"
              }
            ],
            "location": "westeurope",
            "mac_address": "",
            "name": "TST-WEUR-NIC01",
            "private_ip_address": "10.0.0.4",
            "private_ip_addresses": [
              "10.0.0.4"
            ],
            "resource_group_name": "TST-WEUR-TFLAB1",
            "tags": {
              "BillingCode": "201219DN",
              "Company": "DordoLabs",
              "Environment": "TST",
              "Project": "DordoLabs-Lab-01"
            },
            "timeouts": null,
            "virtual_machine_id": ""
          },
          "sensitive_attributes": [],
          "private": "eyJlMmJmYjczMC1lY2FhLTExZTYtOGY4OC0zNDM2M2JjN2M0YzAiOnsiY3JlYXRlIjoxODAwMDAwMDAwMDAwLCJkZWxldGUiOjE4MDAwMDAwMDAwMDAsInJlYWQiOjMwMDAwMDAwMDAwMCwidXBkYXRlIjoxODAwMDAwMDAwMDAwfX0=",
          "dependencies": [
            "azurerm_public_ip.lab01-PubIP",
            "azurerm_resource_group.rg-01",
            "azurerm_subnet.lab01-subnet",
            "azurerm_virtual_network.lab01-vnet"
          ]
        }
      ]
    },
    {
      "mode": "managed",
      "type": "azurerm_network_interface_security_group_association",
      "name": "lab01-nsgnic-assoc",
      "provider": "provider[\"registry.terraform.io/hashicorp/azurerm\"]",
      "instances": [
        {
          "schema_version": 0,
          "attributes": {
            "id": "/subscriptions/dfc1c669-4460-40a1-8d6a-3469f2b10f23/resourceGroups/TST-WEUR-TFLAB1/providers/Microsoft.Network/networkInterfaces/TST-WEUR-NIC01|/subscriptions/dfc1c669-4460-40a1-8d6a-3469f2b10f23/resourceGroups/TST-WEUR-TFLAB1/providers/Microsoft.Network/networkSecurityGroups/lab01NetworkSecurityGroup",
            "network_interface_id": "/subscriptions/dfc1c669-4460-40a1-8d6a-3469f2b10f23/resourceGroups/TST-WEUR-TFLAB1/providers/Microsoft.Network/networkInterfaces/TST-WEUR-NIC01",
            "network_security_group_id": "/subscriptions/dfc1c669-4460-40a1-8d6a-3469f2b10f23/resourceGroups/TST-WEUR-TFLAB1/providers/Microsoft.Network/networkSecurityGroups/lab01NetworkSecurityGroup",
            "timeouts": null
          },
          "sensitive_attributes": [],
          "private": "eyJlMmJmYjczMC1lY2FhLTExZTYtOGY4OC0zNDM2M2JjN2M0YzAiOnsiY3JlYXRlIjoxODAwMDAwMDAwMDAwLCJkZWxldGUiOjE4MDAwMDAwMDAwMDAsInJlYWQiOjMwMDAwMDAwMDAwMCwidXBkYXRlIjoxODAwMDAwMDAwMDAwfX0=",
          "dependencies": [
            "azurerm_network_interface.lab01-nic",
            "azurerm_network_security_group.lab01-nsg-nic",
            "azurerm_public_ip.lab01-PubIP",
            "azurerm_resource_group.rg-01",
            "azurerm_subnet.lab01-subnet",
            "azurerm_virtual_network.lab01-vnet"
          ]
        }
      ]
    },
    {
      "mode": "managed",
      "type": "azurerm_network_security_group",
      "name": "lab01-nsg-nic",
      "provider": "provider[\"registry.terraform.io/hashicorp/azurerm\"]",
      "instances": [
        {
          "schema_version": 0,
          "attributes": {
            "id": "/subscriptions/dfc1c669-4460-40a1-8d6a-3469f2b10f23/resourceGroups/TST-WEUR-TFLAB1/providers/Microsoft.Network/networkSecurityGroups/lab01NetworkSecurityGroup",
            "location": "westeurope",
            "name": "lab01NetworkSecurityGroup",
            "resource_group_name": "TST-WEUR-TFLAB1",
            "security_rule": [],
            "tags": {
              "BillingCode": "201219DN",
              "Company": "DordoLabs",
              "Environment": "TST",
              "Project": "DordoLabs-Lab-01"
            },
            "timeouts": null
          },
          "sensitive_attributes": [],
          "private": "eyJlMmJmYjczMC1lY2FhLTExZTYtOGY4OC0zNDM2M2JjN2M0YzAiOnsiY3JlYXRlIjoxODAwMDAwMDAwMDAwLCJkZWxldGUiOjE4MDAwMDAwMDAwMDAsInJlYWQiOjMwMDAwMDAwMDAwMCwidXBkYXRlIjoxODAwMDAwMDAwMDAwfX0=",
          "dependencies": [
            "azurerm_resource_group.rg-01"
          ]
        }
      ]
    },
    {
      "mode": "managed",
      "type": "azurerm_network_security_rule",
      "name": "lab01-nsg-rule",
      "provider": "provider[\"registry.terraform.io/hashicorp/azurerm\"]",
      "instances": [
        {
          "schema_version": 0,
          "attributes": {
            "access": "Allow",
            "description": "",
            "destination_address_prefix": "*",
            "destination_address_prefixes": null,
            "destination_application_security_group_ids": null,
            "destination_port_range": "22",
            "destination_port_ranges": null,
            "direction": "Inbound",
            "id": "/subscriptions/dfc1c669-4460-40a1-8d6a-3469f2b10f23/resourceGroups/TST-WEUR-TFLAB1/providers/Microsoft.Network/networkSecurityGroups/lab01NetworkSecurityGroup/securityRules/SSH",
            "name": "SSH",
            "network_security_group_name": "lab01NetworkSecurityGroup",
            "priority": 1001,
            "protocol": "Tcp",
            "resource_group_name": "TST-WEUR-TFLAB1",
            "source_address_prefix": "*",
            "source_address_prefixes": null,
            "source_application_security_group_ids": null,
            "source_port_range": "*",
            "source_port_ranges": null,
            "timeouts": null
          },
          "sensitive_attributes": [],
          "private": "eyJlMmJmYjczMC1lY2FhLTExZTYtOGY4OC0zNDM2M2JjN2M0YzAiOnsiY3JlYXRlIjoxODAwMDAwMDAwMDAwLCJkZWxldGUiOjE4MDAwMDAwMDAwMDAsInJlYWQiOjMwMDAwMDAwMDAwMCwidXBkYXRlIjoxODAwMDAwMDAwMDAwfX0=",
          "dependencies": [
            "azurerm_network_security_group.lab01-nsg-nic",
            "azurerm_resource_group.rg-01"
          ]
        }
      ]
    },
    {
      "mode": "managed",
      "type": "azurerm_public_ip",
      "name": "lab01-PubIP",
      "provider": "provider[\"registry.terraform.io/hashicorp/azurerm\"]",
      "instances": [
        {
          "schema_version": 0,
          "attributes": {
            "allocation_method": "Dynamic",
            "domain_name_label": null,
            "edge_zone": "",
            "fqdn": null,
            "id": "/subscriptions/dfc1c669-4460-40a1-8d6a-3469f2b10f23/resourceGroups/TST-WEUR-TFLAB1/providers/Microsoft.Network/publicIPAddresses/TST-WEUR-PUBIP01",
            "idle_timeout_in_minutes": 4,
            "ip_address": "",
            "ip_tags": null,
            "ip_version": "IPv4",
            "location": "westeurope",
            "name": "TST-WEUR-PUBIP01",
            "public_ip_prefix_id": null,
            "resource_group_name": "TST-WEUR-TFLAB1",
            "reverse_fqdn": null,
            "sku": "Basic",
            "sku_tier": "Regional",
            "tags": {
              "BillingCode": "201219DN",
              "Company": "DordoLabs",
              "Environment": "TST",
              "Project": "DordoLabs-Lab-01"
            },
            "timeouts": null,
            "zones": null
          },
          "sensitive_attributes": [],
          "private": "eyJlMmJmYjczMC1lY2FhLTExZTYtOGY4OC0zNDM2M2JjN2M0YzAiOnsiY3JlYXRlIjoxODAwMDAwMDAwMDAwLCJkZWxldGUiOjE4MDAwMDAwMDAwMDAsInJlYWQiOjMwMDAwMDAwMDAwMCwidXBkYXRlIjoxODAwMDAwMDAwMDAwfX0=",
          "dependencies": [
            "azurerm_resource_group.rg-01"
          ]
        }
      ]
    },
    {
      "mode": "managed",
      "type": "azurerm_resource_group",
      "name": "rg-01",
      "provider": "provider[\"registry.terraform.io/hashicorp/azurerm\"]",
      "instances": [
        {
          "schema_version": 0,
          "attributes": {
            "id": "/subscriptions/dfc1c669-4460-40a1-8d6a-3469f2b10f23/resourceGroups/TST-WEUR-TFLAB1",
            "location": "westeurope",
            "name": "TST-WEUR-TFLAB1",
            "tags": {
              "BillingCode": "201219DN",
              "Company": "DordoLabs",
              "Environment": "TST",
              "Project": "DordoLabs-Lab-01"
            },
            "timeouts": null
          },
          "sensitive_attributes": [],
          "private": "eyJlMmJmYjczMC1lY2FhLTExZTYtOGY4OC0zNDM2M2JjN2M0YzAiOnsiY3JlYXRlIjo1NDAwMDAwMDAwMDAwLCJkZWxldGUiOjU0MDAwMDAwMDAwMDAsInJlYWQiOjMwMDAwMDAwMDAwMCwidXBkYXRlIjo1NDAwMDAwMDAwMDAwfX0="
        }
      ]
    },
    {
      "mode": "managed",
      "type": "azurerm_subnet",
      "name": "lab01-subnet",
      "provider": "provider[\"registry.terraform.io/hashicorp/azurerm\"]",
      "instances": [
        {
          "schema_version": 0,
          "attributes": {
            "address_prefixes": [
              "10.0.0.0/27"
            ],
            "delegation": [],
            "enforce_private_link_endpoint_network_policies": false,
            "enforce_private_link_service_network_policies": false,
            "id": "/subscriptions/dfc1c669-4460-40a1-8d6a-3469f2b10f23/resourceGroups/TST-WEUR-TFLAB1/providers/Microsoft.Network/virtualNetworks/TST-WEUR-VNET01/subnets/TST-WEUR-SUBNET01",
            "name": "TST-WEUR-SUBNET01",
            "resource_group_name": "TST-WEUR-TFLAB1",
            "service_endpoint_policy_ids": null,
            "service_endpoints": null,
            "timeouts": null,
            "virtual_network_name": "TST-WEUR-VNET01"
          },
          "sensitive_attributes": [],
          "private": "eyJlMmJmYjczMC1lY2FhLTExZTYtOGY4OC0zNDM2M2JjN2M0YzAiOnsiY3JlYXRlIjoxODAwMDAwMDAwMDAwLCJkZWxldGUiOjE4MDAwMDAwMDAwMDAsInJlYWQiOjMwMDAwMDAwMDAwMCwidXBkYXRlIjoxODAwMDAwMDAwMDAwfX0=",
          "dependencies": [
            "azurerm_resource_group.rg-01",
            "azurerm_virtual_network.lab01-vnet"
          ]
        }
      ]
    },
    {
      "mode": "managed",
      "type": "azurerm_virtual_network",
      "name": "lab01-vnet",
      "provider": "provider[\"registry.terraform.io/hashicorp/azurerm\"]",
      "instances": [
        {
          "schema_version": 0,
          "attributes": {
            "address_space": [
              "10.0.0.0/26"
            ],
            "bgp_community": "",
            "ddos_protection_plan": [],
            "dns_servers": [],
            "edge_zone": "",
            "flow_timeout_in_minutes": 0,
            "guid": "d8cb7ab3-f856-49f2-8ad3-c58ac3c72a5e",
            "id": "/subscriptions/dfc1c669-4460-40a1-8d6a-3469f2b10f23/resourceGroups/TST-WEUR-TFLAB1/providers/Microsoft.Network/virtualNetworks/TST-WEUR-VNET01",
            "location": "westeurope",
            "name": "TST-WEUR-VNET01",
            "resource_group_name": "TST-WEUR-TFLAB1",
            "subnet": [],
            "tags": {
              "BillingCode": "201219DN",
              "Company": "DordoLabs",
              "Environment": "TST",
              "Project": "DordoLabs-Lab-01"
            },
            "timeouts": null
          },
          "sensitive_attributes": [],
          "private": "eyJlMmJmYjczMC1lY2FhLTExZTYtOGY4OC0zNDM2M2JjN2M0YzAiOnsiY3JlYXRlIjoxODAwMDAwMDAwMDAwLCJkZWxldGUiOjE4MDAwMDAwMDAwMDAsInJlYWQiOjMwMDAwMDAwMDAwMCwidXBkYXRlIjoxODAwMDAwMDAwMDAwfX0=",
          "dependencies": [
            "azurerm_resource_group.rg-01"
          ]
        }
      ]
    }
  ],
  "check_results": null
}
