{
  "version": 4,
  "terraform_version": "1.6.6",
  "serial": 86,
  "lineage": "5271320d-e55b-6066-2ebc-fe48d5bc0928",
  "outputs": {
    "key_data": {
      "value": "ssh-rsa AAAAB3NzaC1yc2EAAAADAQABAAABgQDBDgoFE3IpG0ZP8x07PJm3OBnKHV2RJFtw440AK3HWnKMgADvresnwyHzmfXa3LVW66InmcIy263rdsiftdAsuvMPNbIGbcscTK2l/f0SFlsdcEFK7FBOovXwe1OektnJWRdBaabxgMLyey3LspjBM+3/wVqP+ucvArdvRd8r30x+T6XmGqVrfYI8iExqpvT1JwVud3G69jrXH4kG9pJsvmBTUwc9HpI9ndBnD+hwvK/SWItQV+u8PW+P9arLDwGJ0pGchhtUo3+gDy0r84GrElyTmvDfjl+abQbJRodpB6Fnbk6R5tUM81BIMucvW+kJ7NEeZdjmsybdXypKK+C8nkPd8XbbTt/QI28+Ge1fV72NqVp4iFjuFPJ7N0oxf/65hJ86hEBuZjnQaB+kGNFmzdi1DP204gml093AGYxmoBd92q4ahx4btGEGLsmaKrN2VPaf50o3LPYbmizjnQdYbeqjSxrHWw17AAVftKO3Ppchz+i56sWiVFCdlKeeJSlE= generated-by-azure",
      "type": "string"
    }
  },
  "resources": [
    {
      "mode": "managed",
      "type": "azapi_resource",
      "name": "ssh_public_key",
      "provider": "provider[\"registry.terraform.io/azure/azapi\"]",
      "instances": [
        {
          "schema_version": 0,
          "attributes": {
            "body": "{}",
            "id": "/subscriptions/dfc1c669-4460-40a1-8d6a-3469f2b10f23/resourceGroups/TST-WEUR-TFLAB1/providers/Microsoft.Compute/sshPublicKeys/sshwantedaphid",
            "identity": [],
            "ignore_body_changes": null,
            "ignore_casing": false,
            "ignore_missing_property": true,
            "location": "westeurope",
            "locks": null,
            "name": "sshwantedaphid",
            "output": "{}",
            "parent_id": "/subscriptions/dfc1c669-4460-40a1-8d6a-3469f2b10f23/resourceGroups/TST-WEUR-TFLAB1",
            "removing_special_chars": false,
            "response_export_values": null,
            "schema_validation_enabled": true,
            "tags": {},
            "timeouts": null,
            "type": "Microsoft.Compute/sshPublicKeys@2022-11-01"
          },
          "sensitive_attributes": [],
          "private": "eyJlMmJmYjczMC1lY2FhLTExZTYtOGY4OC0zNDM2M2JjN2M0YzAiOnsiY3JlYXRlIjoxODAwMDAwMDAwMDAwLCJkZWxldGUiOjE4MDAwMDAwMDAwMDAsInJlYWQiOjMwMDAwMDAwMDAwMCwidXBkYXRlIjoxODAwMDAwMDAwMDAwfX0=",
          "dependencies": [
            "azurerm_resource_group.rg-01",
            "random_pet.ssh_key_name"
          ]
        }
      ]
    },
    {
      "mode": "managed",
      "type": "azapi_resource_action",
      "name": "ssh_public_key_gen",
      "provider": "provider[\"registry.terraform.io/azure/azapi\"]",
      "instances": [
        {
          "schema_version": 0,
          "attributes": {
            "action": "generateKeyPair",
            "body": null,
            "id": "/subscriptions/dfc1c669-4460-40a1-8d6a-3469f2b10f23/resourceGroups/TST-WEUR-TFLAB1/providers/Microsoft.Compute/sshPublicKeys/sshwantedaphid/generateKeyPair",
            "locks": null,
            "method": "POST",
            "output": "{\"privateKey\":\"-----BEGIN RSA PRIVATE KEY-----\\r\\nMIIG4wIBAAKCAYEAwQ4KBRNyKRtGT/MdOzyZtzgZyh1dkSRbcOONACtx1pyjIAA7\\r\\n63rJ8Mh85n12ty1VuuiJ5nCMtut63bIn7XQLLrzDzWyBm3LHEytpf39EhZbHXBBS\\r\\nuxQTqL18HtTnpLZyVkXQWmm8YDC8nsty7KYwTPt/8Faj/rnLwK3b0XfK99Mfk+l5\\r\\nhqla32CPIhMaqb09ScFbndxuvY61x+JBvaSbL5gU1MHPR6SPZ3QZw/ocLyv0liLU\\r\\nFfrvD1vj/Wqyw8BidKRnIYbVKN/oA8tK/OBqxJck5rw345fmm0GyUaHaQehZ25Ok\\r\\nebVDPNQSDLnL1vpCezRHmXY5rMm3V8qSivgvJ5D3fF2207f0CNvPhntX1e9jalae\\r\\nIhY7hTyezdKMX/+uYSfOoRAbmY50GgfpBjRZs3YtQz9tOIJpdPdwBmMZqAXfdquG\\r\\noceG7RhBi7JmiqzdlT2n+dKNyz2G5os450HWG3qo0sax1sNewAFX7Sjtz6XIc/ou\\r\\nerFolRQnZSnniUpRAgMBAAECggGBAKwd1ScTYDtv2q8a49vVOoKUHMIKjkoBrRin\\r\\ndyVIlnStL+4u5z0ZOwNV660e/IFxhLZf7doqS/olVWRkGp7kT7f6iWMTMzYhDYV0\\r\\ntdj64V9svw7AatHpo2FUll1ymZdLJgLuuURycoUbzn6QikScIgHwU+81f35xrUt6\\r\\ndbl54NY0PzoC9NrvEFqI3vOVLrdYRVUFc6X5Si3sFvs/KDdokwbKwv+wTxnjiArH\\r\\nAtWrngccXDKimI2ELDB4T3q27uwBDvbJInazig79MfToUEqN1OlcQJ1UyGV1GCza\\r\\nT5fM6NR1EfhvU0dN8h/otvYm1sonCvkbSbKY0OM9j2bECR0VTsD4MkH8DqxxcF5n\\r\\nrncGzYPuluJULI4iVZyPCCJH8SnyGeumgl3nj2fjQivdJPyEvfIrOymgxEQuV9VL\\r\\n2PEeCq07lAiVmQ4fP6cqPasI9gG3TtLV39Xcr3tsE4kr/UWf3gFoKRTZYry+0DX/\\r\\nNkBLiDzFtGwNXQk9nbUv/R9UVigK5QKBwQDENY3a1/Bei/hVdmqdKAVch5e7rUHd\\r\\npd5yy4FDm+S+azsZCmP1/2QoshgfFp/zr5eKiKIApgMtE38cdN6FMTYR3UIwzPKe\\r\\nAtT099jY6xTiQEBMZ6M+tlRROVMr1iiarSftPJog2eV9btHqR+rQfT/V6XgiB9AI\\r\\nAm+jnktaqLMuy99amNX94PgT5ZZn21oHAt1fJ5ai4F3W4bgfUhLB1LzBCo2B3USu\\r\\n34xlprgMV4nm0mer+fdPrtwroDWqxorGMKsCgcEA++JpPGwFjDLew5Wfq5Dg3CY0\\r\\nDFoZPn+LIYzUCraPqY3+0UB92MUJsm/xkJYde12tkpr5/v5nWeBmnJhiUWXq0DoA\\r\\nRMcAMFOgq8ee9+JAniZ3DA/ENiXzn/enyzkhneJkmnJhKJI7dSMkjLwYH3EDrJHA\\r\\n4ZmOVRhOzPs7SIZdDEhD2pui3KxcbPXr3FHl/F6v00qp0CIFk8k6iG5pXNvd0VtV\\r\\nGQVUMKr101J8uV+OHlBcUVPbE8/h4oZrUITJK0jzAoHAGL0D2K7XQKR3OBdJE+2C\\r\\n14rFB8Wtg0uxg1nDP4n9SkDs35heyBpeP39M6UaJ/kiKW84kVt6XkexeX3EgyTxO\\r\\nK+xwtwRwJpoGzageMCNbq7ccJEYA4BxO/zqyENncnrvsR84XRMMUWz9Iujg9E/Jm\\r\\nxQq9udSwVwIvnzqLF7Ajf2f3Dk4s1Oizfpa44vlWHYIv9RphtMGDM1+cPl6zvLqc\\r\\n3d39v3ztdvr6kap2lB/JZE/tAFLw6pwKaHm3qoOD5b8nAoHACUUv8lVXbu2AXVpo\\r\\nYfwXCoMtbzbxrucqy7VPKIXHi8n6EuF4wD2gObz8+wFLXHr6JGcnxEbArwIfRKwn\\r\\nEi/aEIfR8rYQP7cUNr5GD4F4N1nbD8qUwhlrefu3ZTdZEWJ/qV+ES+X14j3E3pkd\\r\\nmiqio/tJSgRIxMD8RXcJm4W2bvlJ5gXMXKrLTAdRAu7QtBUYC4K39T0LT4EccmD9\\r\\n57j/1PCzlRQpIRFpsrladcgahusWOrgHXBdOjPO9h10bukgZAoHAT0n82jZAX17D\\r\\ns95B/yD7Cukrcxmmx6/E1ujUVXWYNRz7L6KvGZzxAfsHWSweLPFJFnzsy3SP2UQd\\r\\nwXxADNShsnjdn+dluL0PSMgwSU3BIrjSoU1fzJO6110+7ahPH9Z095u7UxLeQTLF\\r\\nTadq/hKDsCquxRlHDHp00PuQcgs6w/qImbO0Mg9MIeqhrRleKFGLIqmEloik+foJ\\r\\nCv0B8haDf/Haqn96WgcaJMIuVQcgCqPvCeCUl6SYpDlhAlMIlZqP\\r\\n-----END RSA PRIVATE KEY-----\\r\\n\",\"publicKey\":\"ssh-rsa AAAAB3NzaC1yc2EAAAADAQABAAABgQDBDgoFE3IpG0ZP8x07PJm3OBnKHV2RJFtw440AK3HWnKMgADvresnwyHzmfXa3LVW66InmcIy263rdsiftdAsuvMPNbIGbcscTK2l/f0SFlsdcEFK7FBOovXwe1OektnJWRdBaabxgMLyey3LspjBM+3/wVqP+ucvArdvRd8r30x+T6XmGqVrfYI8iExqpvT1JwVud3G69jrXH4kG9pJsvmBTUwc9HpI9ndBnD+hwvK/SWItQV+u8PW+P9arLDwGJ0pGchhtUo3+gDy0r84GrElyTmvDfjl+abQbJRodpB6Fnbk6R5tUM81BIMucvW+kJ7NEeZdjmsybdXypKK+C8nkPd8XbbTt/QI28+Ge1fV72NqVp4iFjuFPJ7N0oxf/65hJ86hEBuZjnQaB+kGNFmzdi1DP204gml093AGYxmoBd92q4ahx4btGEGLsmaKrN2VPaf50o3LPYbmizjnQdYbeqjSxrHWw17AAVftKO3Ppchz+i56sWiVFCdlKeeJSlE= generated-by-azure\"}",
            "resource_id": "/subscriptions/dfc1c669-4460-40a1-8d6a-3469f2b10f23/resourceGroups/TST-WEUR-TFLAB1/providers/Microsoft.Compute/sshPublicKeys/sshwantedaphid",
            "response_export_values": [
              "publicKey",
              "privateKey"
            ],
            "timeouts": null,
            "type": "Microsoft.Compute/sshPublicKeys@2022-11-01",
            "when": "apply"
          },
          "sensitive_attributes": [],
          "private": "eyJlMmJmYjczMC1lY2FhLTExZTYtOGY4OC0zNDM2M2JjN2M0YzAiOnsiY3JlYXRlIjoxODAwMDAwMDAwMDAwLCJkZWxldGUiOjE4MDAwMDAwMDAwMDAsInJlYWQiOjMwMDAwMDAwMDAwMCwidXBkYXRlIjoxODAwMDAwMDAwMDAwfX0=",
          "dependencies": [
            "azapi_resource.ssh_public_key",
            "azurerm_resource_group.rg-01",
            "random_pet.ssh_key_name"
          ]
        }
      ]
    },
    {
      "mode": "managed",
      "type": "azurerm_linux_virtual_machine",
      "name": "lab01-vmLinux",
      "provider": "provider[\"registry.terraform.io/hashicorp/azurerm\"]",
      "instances": [
        {
          "schema_version": 0,
          "attributes": {
            "additional_capabilities": [],
            "admin_password": null,
            "admin_ssh_key": [
              {
                "public_key": "ssh-rsa AAAAB3NzaC1yc2EAAAADAQABAAABgQDBDgoFE3IpG0ZP8x07PJm3OBnKHV2RJFtw440AK3HWnKMgADvresnwyHzmfXa3LVW66InmcIy263rdsiftdAsuvMPNbIGbcscTK2l/f0SFlsdcEFK7FBOovXwe1OektnJWRdBaabxgMLyey3LspjBM+3/wVqP+ucvArdvRd8r30x+T6XmGqVrfYI8iExqpvT1JwVud3G69jrXH4kG9pJsvmBTUwc9HpI9ndBnD+hwvK/SWItQV+u8PW+P9arLDwGJ0pGchhtUo3+gDy0r84GrElyTmvDfjl+abQbJRodpB6Fnbk6R5tUM81BIMucvW+kJ7NEeZdjmsybdXypKK+C8nkPd8XbbTt/QI28+Ge1fV72NqVp4iFjuFPJ7N0oxf/65hJ86hEBuZjnQaB+kGNFmzdi1DP204gml093AGYxmoBd92q4ahx4btGEGLsmaKrN2VPaf50o3LPYbmizjnQdYbeqjSxrHWw17AAVftKO3Ppchz+i56sWiVFCdlKeeJSlE= generated-by-azure",
                "username": "dordolnx01"
              }
            ],
            "admin_username": "dordolnx01",
            "allow_extension_operations": true,
            "availability_set_id": "",
            "boot_diagnostics": [
              {
                "storage_account_uri": "https://tstweurstgboot.blob.core.windows.net/"
              }
            ],
            "computer_name": "TSTWEURLNX01",
            "custom_data": null,
            "dedicated_host_group_id": "",
            "dedicated_host_id": "",
            "disable_password_authentication": true,
            "edge_zone": "",
            "encryption_at_host_enabled": false,
            "eviction_policy": "",
            "extensions_time_budget": "PT1H30M",
            "id": "/subscriptions/dfc1c669-4460-40a1-8d6a-3469f2b10f23/resourceGroups/TST-WEUR-TFLAB1/providers/Microsoft.Compute/virtualMachines/TST-WEUR-VMLinux01",
            "identity": [],
            "license_type": "",
            "location": "westeurope",
            "max_bid_price": -1,
            "name": "TST-WEUR-VMLinux01",
            "network_interface_ids": [
              "/subscriptions/dfc1c669-4460-40a1-8d6a-3469f2b10f23/resourceGroups/TST-WEUR-TFLAB1/providers/Microsoft.Network/networkInterfaces/TST-WEUR-NIC01"
            ],
            "os_disk": [
              {
                "caching": "ReadWrite",
                "diff_disk_settings": [],
                "disk_encryption_set_id": "",
                "disk_size_gb": 30,
                "name": "DiskVm-linux01",
                "storage_account_type": "Premium_LRS",
                "write_accelerator_enabled": false
              }
            ],
            "patch_mode": "ImageDefault",
            "plan": [],
            "platform_fault_domain": -1,
            "priority": "Regular",
            "private_ip_address": "10.0.0.4",
            "private_ip_addresses": [
              "10.0.0.4"
            ],
            "provision_vm_agent": true,
            "proximity_placement_group_id": "",
            "public_ip_address": "40.115.50.145",
            "public_ip_addresses": [
              "40.115.50.145"
            ],
            "resource_group_name": "TST-WEUR-TFLAB1",
            "secret": [],
            "secure_boot_enabled": false,
            "size": "Standard_B2ts_v2",
            "source_image_id": "",
            "source_image_reference": [
              {
                "offer": "0001-com-ubuntu-server-jammy",
                "publisher": "Canonical",
                "sku": "22_04-lts-gen2",
                "version": "latest"
              }
            ],
            "tags": {
              "BillingCode": "201219DN",
              "Company": "DordoLabs",
              "Environment": "TST",
              "Project": "DordoLabs-Lab-01"
            },
            "termination_notification": null,
            "timeouts": null,
            "user_data": "",
            "virtual_machine_id": "4c99547f-8e0c-4afb-ac68-cb99d1b952f7",
            "virtual_machine_scale_set_id": "",
            "vtpm_enabled": false,
            "zone": ""
          },
          "sensitive_attributes": [],
          "private": "eyJlMmJmYjczMC1lY2FhLTExZTYtOGY4OC0zNDM2M2JjN2M0YzAiOnsiY3JlYXRlIjoyNzAwMDAwMDAwMDAwLCJkZWxldGUiOjI3MDAwMDAwMDAwMDAsInJlYWQiOjMwMDAwMDAwMDAwMCwidXBkYXRlIjoyNzAwMDAwMDAwMDAwfX0=",
          "dependencies": [
            "azapi_resource.ssh_public_key",
            "azapi_resource_action.ssh_public_key_gen",
            "azurerm_network_interface.lab01-nic",
            "azurerm_public_ip.lab01-PubIP",
            "azurerm_resource_group.rg-01",
            "azurerm_storage_account.stg-bootDiagnostics-vmLinux",
            "azurerm_subnet.lab01-subnet",
            "azurerm_virtual_network.lab01-vnet",
            "random_pet.ssh_key_name"
          ]
        }
      ]
    },
    {
      "mode": "managed",
      "type": "azurerm_network_interface",
      "name": "lab01-nic",
      "provider": "provider[\"registry.terraform.io/hashicorp/azurerm\"]",
      "instances": [
        {
          "schema_version": 0,
          "attributes": {
            "applied_dns_servers": [],
            "dns_servers": [],
            "edge_zone": "",
            "enable_accelerated_networking": false,
            "enable_ip_forwarding": false,
            "id": "/subscriptions/dfc1c669-4460-40a1-8d6a-3469f2b10f23/resourceGroups/TST-WEUR-TFLAB1/providers/Microsoft.Network/networkInterfaces/TST-WEUR-NIC01",
            "internal_dns_name_label": "",
            "internal_domain_name_suffix": "3pviauypp0wuzk4ycgzdquf3qb.ax.internal.cloudapp.net",
            "ip_configuration": [
              {
                "gateway_load_balancer_frontend_ip_configuration_id": "",
                "name": "nic-config",
                "primary": true,
                "private_ip_address": "10.0.0.4",
                "private_ip_address_allocation": "Dynamic",
                "private_ip_address_version": "IPv4",
                "public_ip_address_id": "/subscriptions/dfc1c669-4460-40a1-8d6a-3469f2b10f23/resourceGroups/TST-WEUR-TFLAB1/providers/Microsoft.Network/publicIPAddresses/TST-WEUR-PUBIP01",
                "subnet_id": "/subscriptions/dfc1c669-4460-40a1-8d6a-3469f2b10f23/resourceGroups/TST-WEUR-TFLAB1/providers/Microsoft.Network/virtualNetworks/TST-WEUR-VNET01/subnets/TST-WEUR-SUBNET01"
              }
            ],
            "location": "westeurope",
            "mac_address": "",
            "name": "TST-WEUR-NIC01",
            "private_ip_address": "10.0.0.4",
            "private_ip_addresses": [
              "10.0.0.4"
            ],
            "resource_group_name": "TST-WEUR-TFLAB1",
            "tags": {
              "BillingCode": "201219DN",
              "Company": "DordoLabs",
              "Environment": "TST",
              "Project": "DordoLabs-Lab-01"
            },
            "timeouts": null,
            "virtual_machine_id": ""
          },
          "sensitive_attributes": [],
          "private": "eyJlMmJmYjczMC1lY2FhLTExZTYtOGY4OC0zNDM2M2JjN2M0YzAiOnsiY3JlYXRlIjoxODAwMDAwMDAwMDAwLCJkZWxldGUiOjE4MDAwMDAwMDAwMDAsInJlYWQiOjMwMDAwMDAwMDAwMCwidXBkYXRlIjoxODAwMDAwMDAwMDAwfX0=",
          "dependencies": [
            "azurerm_public_ip.lab01-PubIP",
            "azurerm_resource_group.rg-01",
            "azurerm_subnet.lab01-subnet",
            "azurerm_virtual_network.lab01-vnet"
          ]
        }
      ]
    },
    {
      "mode": "managed",
      "type": "azurerm_network_interface_security_group_association",
      "name": "lab01-nsgnic-assoc",
      "provider": "provider[\"registry.terraform.io/hashicorp/azurerm\"]",
      "instances": [
        {
          "schema_version": 0,
          "attributes": {
            "id": "/subscriptions/dfc1c669-4460-40a1-8d6a-3469f2b10f23/resourceGroups/TST-WEUR-TFLAB1/providers/Microsoft.Network/networkInterfaces/TST-WEUR-NIC01|/subscriptions/dfc1c669-4460-40a1-8d6a-3469f2b10f23/resourceGroups/TST-WEUR-TFLAB1/providers/Microsoft.Network/networkSecurityGroups/lab01NetworkSecurityGroup",
            "network_interface_id": "/subscriptions/dfc1c669-4460-40a1-8d6a-3469f2b10f23/resourceGroups/TST-WEUR-TFLAB1/providers/Microsoft.Network/networkInterfaces/TST-WEUR-NIC01",
            "network_security_group_id": "/subscriptions/dfc1c669-4460-40a1-8d6a-3469f2b10f23/resourceGroups/TST-WEUR-TFLAB1/providers/Microsoft.Network/networkSecurityGroups/lab01NetworkSecurityGroup",
            "timeouts": null
          },
          "sensitive_attributes": [],
          "private": "eyJlMmJmYjczMC1lY2FhLTExZTYtOGY4OC0zNDM2M2JjN2M0YzAiOnsiY3JlYXRlIjoxODAwMDAwMDAwMDAwLCJkZWxldGUiOjE4MDAwMDAwMDAwMDAsInJlYWQiOjMwMDAwMDAwMDAwMCwidXBkYXRlIjoxODAwMDAwMDAwMDAwfX0=",
          "dependencies": [
            "azurerm_network_interface.lab01-nic",
            "azurerm_network_security_group.lab01-nsg-nic",
            "azurerm_public_ip.lab01-PubIP",
            "azurerm_resource_group.rg-01",
            "azurerm_subnet.lab01-subnet",
            "azurerm_virtual_network.lab01-vnet"
          ]
        }
      ]
    },
    {
      "mode": "managed",
      "type": "azurerm_network_security_group",
      "name": "lab01-nsg-nic",
      "provider": "provider[\"registry.terraform.io/hashicorp/azurerm\"]",
      "instances": [
        {
          "schema_version": 0,
          "attributes": {
            "id": "/subscriptions/dfc1c669-4460-40a1-8d6a-3469f2b10f23/resourceGroups/TST-WEUR-TFLAB1/providers/Microsoft.Network/networkSecurityGroups/lab01NetworkSecurityGroup",
            "location": "westeurope",
            "name": "lab01NetworkSecurityGroup",
            "resource_group_name": "TST-WEUR-TFLAB1",
            "security_rule": [],
            "tags": {
              "BillingCode": "201219DN",
              "Company": "DordoLabs",
              "Environment": "TST",
              "Project": "DordoLabs-Lab-01"
            },
            "timeouts": null
          },
          "sensitive_attributes": [],
          "private": "eyJlMmJmYjczMC1lY2FhLTExZTYtOGY4OC0zNDM2M2JjN2M0YzAiOnsiY3JlYXRlIjoxODAwMDAwMDAwMDAwLCJkZWxldGUiOjE4MDAwMDAwMDAwMDAsInJlYWQiOjMwMDAwMDAwMDAwMCwidXBkYXRlIjoxODAwMDAwMDAwMDAwfX0=",
          "dependencies": [
            "azurerm_resource_group.rg-01"
          ]
        }
      ]
    },
    {
      "mode": "managed",
      "type": "azurerm_network_security_rule",
      "name": "lab01-nsg-rule",
      "provider": "provider[\"registry.terraform.io/hashicorp/azurerm\"]",
      "instances": [
        {
          "schema_version": 0,
          "attributes": {
            "access": "Allow",
            "description": "",
            "destination_address_prefix": "*",
            "destination_address_prefixes": null,
            "destination_application_security_group_ids": null,
            "destination_port_range": "22",
            "destination_port_ranges": null,
            "direction": "Inbound",
            "id": "/subscriptions/dfc1c669-4460-40a1-8d6a-3469f2b10f23/resourceGroups/TST-WEUR-TFLAB1/providers/Microsoft.Network/networkSecurityGroups/lab01NetworkSecurityGroup/securityRules/SSH",
            "name": "SSH",
            "network_security_group_name": "lab01NetworkSecurityGroup",
            "priority": 1001,
            "protocol": "Tcp",
            "resource_group_name": "TST-WEUR-TFLAB1",
            "source_address_prefix": "*",
            "source_address_prefixes": null,
            "source_application_security_group_ids": null,
            "source_port_range": "*",
            "source_port_ranges": null,
            "timeouts": null
          },
          "sensitive_attributes": [],
          "private": "eyJlMmJmYjczMC1lY2FhLTExZTYtOGY4OC0zNDM2M2JjN2M0YzAiOnsiY3JlYXRlIjoxODAwMDAwMDAwMDAwLCJkZWxldGUiOjE4MDAwMDAwMDAwMDAsInJlYWQiOjMwMDAwMDAwMDAwMCwidXBkYXRlIjoxODAwMDAwMDAwMDAwfX0=",
          "dependencies": [
            "azurerm_network_security_group.lab01-nsg-nic",
            "azurerm_resource_group.rg-01"
          ]
        }
      ]
    },
    {
      "mode": "managed",
      "type": "azurerm_public_ip",
      "name": "lab01-PubIP",
      "provider": "provider[\"registry.terraform.io/hashicorp/azurerm\"]",
      "instances": [
        {
          "schema_version": 0,
          "attributes": {
            "allocation_method": "Dynamic",
            "domain_name_label": null,
            "edge_zone": "",
            "fqdn": null,
            "id": "/subscriptions/dfc1c669-4460-40a1-8d6a-3469f2b10f23/resourceGroups/TST-WEUR-TFLAB1/providers/Microsoft.Network/publicIPAddresses/TST-WEUR-PUBIP01",
            "idle_timeout_in_minutes": 4,
            "ip_address": "",
            "ip_tags": null,
            "ip_version": "IPv4",
            "location": "westeurope",
            "name": "TST-WEUR-PUBIP01",
            "public_ip_prefix_id": null,
            "resource_group_name": "TST-WEUR-TFLAB1",
            "reverse_fqdn": null,
            "sku": "Basic",
            "sku_tier": "Regional",
            "tags": {
              "BillingCode": "201219DN",
              "Company": "DordoLabs",
              "Environment": "TST",
              "Project": "DordoLabs-Lab-01"
            },
            "timeouts": null,
            "zones": null
          },
          "sensitive_attributes": [],
          "private": "eyJlMmJmYjczMC1lY2FhLTExZTYtOGY4OC0zNDM2M2JjN2M0YzAiOnsiY3JlYXRlIjoxODAwMDAwMDAwMDAwLCJkZWxldGUiOjE4MDAwMDAwMDAwMDAsInJlYWQiOjMwMDAwMDAwMDAwMCwidXBkYXRlIjoxODAwMDAwMDAwMDAwfX0=",
          "dependencies": [
            "azurerm_resource_group.rg-01"
          ]
        }
      ]
    },
    {
      "mode": "managed",
      "type": "azurerm_resource_group",
      "name": "rg-01",
      "provider": "provider[\"registry.terraform.io/hashicorp/azurerm\"]",
      "instances": [
        {
          "schema_version": 0,
          "attributes": {
            "id": "/subscriptions/dfc1c669-4460-40a1-8d6a-3469f2b10f23/resourceGroups/TST-WEUR-TFLAB1",
            "location": "westeurope",
            "name": "TST-WEUR-TFLAB1",
            "tags": {
              "BillingCode": "201219DN",
              "Company": "DordoLabs",
              "Environment": "TST",
              "Project": "DordoLabs-Lab-01"
            },
            "timeouts": null
          },
          "sensitive_attributes": [],
          "private": "eyJlMmJmYjczMC1lY2FhLTExZTYtOGY4OC0zNDM2M2JjN2M0YzAiOnsiY3JlYXRlIjo1NDAwMDAwMDAwMDAwLCJkZWxldGUiOjU0MDAwMDAwMDAwMDAsInJlYWQiOjMwMDAwMDAwMDAwMCwidXBkYXRlIjo1NDAwMDAwMDAwMDAwfX0="
        }
      ]
    },
    {
      "mode": "managed",
      "type": "azurerm_storage_account",
      "name": "stg-bootDiagnostics-vmLinux",
      "provider": "provider[\"registry.terraform.io/hashicorp/azurerm\"]",
      "instances": [
        {
          "schema_version": 3,
          "attributes": {
            "access_tier": "Hot",
            "account_kind": "StorageV2",
            "account_replication_type": "LRS",
            "account_tier": "Standard",
            "allow_nested_items_to_be_public": true,
            "azure_files_authentication": [],
            "blob_properties": [
              {
                "change_feed_enabled": false,
                "container_delete_retention_policy": [],
                "cors_rule": [],
                "default_service_version": "",
                "delete_retention_policy": [],
                "last_access_time_enabled": false,
                "versioning_enabled": false
              }
            ],
            "custom_domain": [],
            "customer_managed_key": [],
            "edge_zone": "",
            "enable_https_traffic_only": true,
            "id": "/subscriptions/dfc1c669-4460-40a1-8d6a-3469f2b10f23/resourceGroups/TST-WEUR-TFLAB1/providers/Microsoft.Storage/storageAccounts/tstweurstgboot",
            "identity": [],
            "infrastructure_encryption_enabled": false,
            "is_hns_enabled": false,
            "large_file_share_enabled": null,
            "location": "westeurope",
            "min_tls_version": "TLS1_2",
            "name": "tstweurstgboot",
            "network_rules": [
              {
                "bypass": [
                  "AzureServices"
                ],
                "default_action": "Allow",
                "ip_rules": [],
                "private_link_access": [],
                "virtual_network_subnet_ids": []
              }
            ],
            "nfsv3_enabled": false,
            "primary_access_key": "W14AvVNM8VZXb86GmeMX6fUuLUFJAhmUdx6jWWrWLJwwj4Ux8fgGNJY/eVgRiW2fSn1pK9dekG2W+AStRmk/3A==",
            "primary_blob_connection_string": "DefaultEndpointsProtocol=https;BlobEndpoint=https://tstweurstgboot.blob.core.windows.net/;AccountName=tstweurstgboot;AccountKey=W14AvVNM8VZXb86GmeMX6fUuLUFJAhmUdx6jWWrWLJwwj4Ux8fgGNJY/eVgRiW2fSn1pK9dekG2W+AStRmk/3A==",
            "primary_blob_endpoint": "https://tstweurstgboot.blob.core.windows.net/",
            "primary_blob_host": "tstweurstgboot.blob.core.windows.net",
            "primary_connection_string": "DefaultEndpointsProtocol=https;AccountName=tstweurstgboot;AccountKey=W14AvVNM8VZXb86GmeMX6fUuLUFJAhmUdx6jWWrWLJwwj4Ux8fgGNJY/eVgRiW2fSn1pK9dekG2W+AStRmk/3A==;EndpointSuffix=core.windows.net",
            "primary_dfs_endpoint": "https://tstweurstgboot.dfs.core.windows.net/",
            "primary_dfs_host": "tstweurstgboot.dfs.core.windows.net",
            "primary_file_endpoint": "https://tstweurstgboot.file.core.windows.net/",
            "primary_file_host": "tstweurstgboot.file.core.windows.net",
            "primary_location": "westeurope",
            "primary_queue_endpoint": "https://tstweurstgboot.queue.core.windows.net/",
            "primary_queue_host": "tstweurstgboot.queue.core.windows.net",
            "primary_table_endpoint": "https://tstweurstgboot.table.core.windows.net/",
            "primary_table_host": "tstweurstgboot.table.core.windows.net",
            "primary_web_endpoint": "https://tstweurstgboot.z6.web.core.windows.net/",
            "primary_web_host": "tstweurstgboot.z6.web.core.windows.net",
            "queue_encryption_key_type": "Service",
            "queue_properties": [
              {
                "cors_rule": [],
                "hour_metrics": [
                  {
                    "enabled": true,
                    "include_apis": true,
                    "retention_policy_days": 7,
                    "version": "1.0"
                  }
                ],
                "logging": [
                  {
                    "delete": false,
                    "read": false,
                    "retention_policy_days": 0,
                    "version": "1.0",
                    "write": false
                  }
                ],
                "minute_metrics": [
                  {
                    "enabled": false,
                    "include_apis": false,
                    "retention_policy_days": 0,
                    "version": "1.0"
                  }
                ]
              }
            ],
            "resource_group_name": "TST-WEUR-TFLAB1",
            "routing": [],
            "secondary_access_key": "0OGFqyJXuAr9qnLFn9C82dU/9tcU6/R7aSR9+UpRT1ObmOX/X+2Uiy/yR8Dyi2+ZPXiGIvo2iub7+ASt+9PyOw==",
            "secondary_blob_connection_string": "",
            "secondary_blob_endpoint": null,
            "secondary_blob_host": null,
            "secondary_connection_string": "DefaultEndpointsProtocol=https;AccountName=tstweurstgboot;AccountKey=0OGFqyJXuAr9qnLFn9C82dU/9tcU6/R7aSR9+UpRT1ObmOX/X+2Uiy/yR8Dyi2+ZPXiGIvo2iub7+ASt+9PyOw==;EndpointSuffix=core.windows.net",
            "secondary_dfs_endpoint": null,
            "secondary_dfs_host": null,
            "secondary_file_endpoint": null,
            "secondary_file_host": null,
            "secondary_location": "",
            "secondary_queue_endpoint": null,
            "secondary_queue_host": null,
            "secondary_table_endpoint": null,
            "secondary_table_host": null,
            "secondary_web_endpoint": null,
            "secondary_web_host": null,
            "share_properties": [
              {
                "cors_rule": [],
                "retention_policy": [
                  {
                    "days": 7
                  }
                ],
                "smb": []
              }
            ],
            "shared_access_key_enabled": true,
            "static_website": [],
            "table_encryption_key_type": "Service",
            "tags": {
              "BillingCode": "201219DN",
              "Company": "DordoLabs",
              "Environment": "TST",
              "Project": "DordoLabs-Lab-01"
            },
            "timeouts": null
          },
          "sensitive_attributes": [],
          "private": "eyJlMmJmYjczMC1lY2FhLTExZTYtOGY4OC0zNDM2M2JjN2M0YzAiOnsiY3JlYXRlIjozNjAwMDAwMDAwMDAwLCJkZWxldGUiOjM2MDAwMDAwMDAwMDAsInJlYWQiOjMwMDAwMDAwMDAwMCwidXBkYXRlIjozNjAwMDAwMDAwMDAwfSwic2NoZW1hX3ZlcnNpb24iOiIzIn0=",
          "dependencies": [
            "azurerm_resource_group.rg-01"
          ]
        }
      ]
    },
    {
      "mode": "managed",
      "type": "azurerm_subnet",
      "name": "lab01-subnet",
      "provider": "provider[\"registry.terraform.io/hashicorp/azurerm\"]",
      "instances": [
        {
          "schema_version": 0,
          "attributes": {
            "address_prefixes": [
              "10.0.0.0/27"
            ],
            "delegation": [],
            "enforce_private_link_endpoint_network_policies": false,
            "enforce_private_link_service_network_policies": false,
            "id": "/subscriptions/dfc1c669-4460-40a1-8d6a-3469f2b10f23/resourceGroups/TST-WEUR-TFLAB1/providers/Microsoft.Network/virtualNetworks/TST-WEUR-VNET01/subnets/TST-WEUR-SUBNET01",
            "name": "TST-WEUR-SUBNET01",
            "resource_group_name": "TST-WEUR-TFLAB1",
            "service_endpoint_policy_ids": null,
            "service_endpoints": null,
            "timeouts": null,
            "virtual_network_name": "TST-WEUR-VNET01"
          },
          "sensitive_attributes": [],
          "private": "eyJlMmJmYjczMC1lY2FhLTExZTYtOGY4OC0zNDM2M2JjN2M0YzAiOnsiY3JlYXRlIjoxODAwMDAwMDAwMDAwLCJkZWxldGUiOjE4MDAwMDAwMDAwMDAsInJlYWQiOjMwMDAwMDAwMDAwMCwidXBkYXRlIjoxODAwMDAwMDAwMDAwfX0=",
          "dependencies": [
            "azurerm_resource_group.rg-01",
            "azurerm_virtual_network.lab01-vnet"
          ]
        }
      ]
    },
    {
      "mode": "managed",
      "type": "azurerm_virtual_network",
      "name": "lab01-vnet",
      "provider": "provider[\"registry.terraform.io/hashicorp/azurerm\"]",
      "instances": [
        {
          "schema_version": 0,
          "attributes": {
            "address_space": [
              "10.0.0.0/26"
            ],
            "bgp_community": "",
            "ddos_protection_plan": [],
            "dns_servers": [],
            "edge_zone": "",
            "flow_timeout_in_minutes": 0,
            "guid": "5380eaeb-7e0f-4cad-abd8-11b23850bd81",
            "id": "/subscriptions/dfc1c669-4460-40a1-8d6a-3469f2b10f23/resourceGroups/TST-WEUR-TFLAB1/providers/Microsoft.Network/virtualNetworks/TST-WEUR-VNET01",
            "location": "westeurope",
            "name": "TST-WEUR-VNET01",
            "resource_group_name": "TST-WEUR-TFLAB1",
            "subnet": [],
            "tags": {
              "BillingCode": "201219DN",
              "Company": "DordoLabs",
              "Environment": "TST",
              "Project": "DordoLabs-Lab-01"
            },
            "timeouts": null
          },
          "sensitive_attributes": [],
          "private": "eyJlMmJmYjczMC1lY2FhLTExZTYtOGY4OC0zNDM2M2JjN2M0YzAiOnsiY3JlYXRlIjoxODAwMDAwMDAwMDAwLCJkZWxldGUiOjE4MDAwMDAwMDAwMDAsInJlYWQiOjMwMDAwMDAwMDAwMCwidXBkYXRlIjoxODAwMDAwMDAwMDAwfX0=",
          "dependencies": [
            "azurerm_resource_group.rg-01"
          ]
        }
      ]
    },
    {
      "mode": "managed",
      "type": "random_pet",
      "name": "ssh_key_name",
      "provider": "provider[\"registry.terraform.io/hashicorp/random\"]",
      "instances": [
        {
          "schema_version": 0,
          "attributes": {
            "id": "sshwantedaphid",
            "keepers": null,
            "length": 2,
            "prefix": "ssh",
            "separator": ""
          },
          "sensitive_attributes": []
        }
      ]
    }
  ],
  "check_results": null
}
